
Microsoft Visual Studio Solution File, Format Version 12.00
# Visual Studio Version 16
VisualStudioVersion = 16.0.30114.105
MinimumVisualStudioVersion = 10.0.40219.1
Project("{9A19103F-16F7-4668-BE54-9A1E7A4F7556}") = "QuickSort", "QuickSort\QuickSort.csproj", "{7CF08A7B-73CF-463F-92AF-7BF5FC39157E}"
EndProject
Project("{9A19103F-16F7-4668-BE54-9A1E7A4F7556}") = "BubbleSort", "BubbleSort\BubbleSort.csproj", "{5B3710EE-F736-493D-B608-EA42C0644FAC}"
EndProject
Project("{9A19103F-16F7-4668-BE54-9A1E7A4F7556}") = "ExchangeValue", "ExchangeValue\ExchangeValue.csproj", "{26D884AF-9CA9-4090-A253-42BFFA9D3532}"
EndProject
Project("{9A19103F-16F7-4668-BE54-9A1E7A4F7556}") = "SelectionSort", "SelectionSort\SelectionSort.csproj", "{09B6C7C6-0B41-4400-BB48-52E4B4FBD421}"
EndProject
Project("{9A19103F-16F7-4668-BE54-9A1E7A4F7556}") = "InsertionSort", "InsertionSort\InsertionSort.csproj", "{DB1ECC6B-57DE-4082-BCD5-7A1A258BA31F}"
EndProject
Project("{9A19103F-16F7-4668-BE54-9A1E7A4F7556}") = "MergeSort", "MergeSort\MergeSort.csproj", "{665872D7-7204-4070-A97D-2DF281E0A319}"
EndProject
Project("{9A19103F-16F7-4668-BE54-9A1E7A4F7556}") = "BinarySearch", "BinarySearch\BinarySearch.csproj", "{E79FA1BC-89D3-45A3-84A2-040376DD2D40}"
EndProject
Project("{9A19103F-16F7-4668-BE54-9A1E7A4F7556}") = "BinaryTreeOpe", "BinaryTreeOpe\BinaryTreeOpe.csproj", "{F77F322B-BC15-41D4-B8DC-7B83C678EFD8}"
EndProject
Project("{9A19103F-16F7-4668-BE54-9A1E7A4F7556}") = "OneWayList", "OneWayList\OneWayList.csproj", "{F9B30BE4-5367-431D-9B0D-2FCE9D487492}"
EndProject
Project("{9A19103F-16F7-4668-BE54-9A1E7A4F7556}") = "TwoWayList", "TwoWayList\TwoWayList.csproj", "{420A78A3-0566-4A20-87EC-5003FF23D8C9}"
EndProject
Project("{2150E333-8FDC-42A3-9474-1A3956D46DE8}") = "LinkedListCode", "LinkedListCode", "{308D3447-8C3C-45F0-8AB9-427BA81AA946}"
EndProject
Project("{9A19103F-16F7-4668-BE54-9A1E7A4F7556}") = "重构字符串", "重构字符串\重构字符串.csproj", "{A0B19804-C472-43F2-830E-D7AF8EE74E02}"
EndProject
Project("{9A19103F-16F7-4668-BE54-9A1E7A4F7556}") = "删除中间节点", "删除中间节点\删除中间节点.csproj", "{67B05512-9A6E-4086-B4F3-5BD46C8F408C}"
EndProject
Project("{9A19103F-16F7-4668-BE54-9A1E7A4F7556}") = "LinkedListDef", "LinkedListDef\LinkedListDef.csproj", "{7093D99A-B476-4A2C-B490-4136BE902A41}"
EndProject
Project("{9A19103F-16F7-4668-BE54-9A1E7A4F7556}") = "二进制链表转整数", "二进制链表转整数\二进制链表转整数.csproj", "{45F6D9F0-7A73-4403-837E-6991A6675470}"
EndProject
Project("{9A19103F-16F7-4668-BE54-9A1E7A4F7556}") = "合并两个链表", "合并两个链表\合并两个链表.csproj", "{D6D3E921-1EC2-4FAF-910B-2536E539305E}"
EndProject
Project("{9A19103F-16F7-4668-BE54-9A1E7A4F7556}") = "链表中倒数第k个节点", "链表中倒数第k个节点\链表中倒数第k个节点.csproj", "{34D22A31-69B3-437D-8A30-B015056AE41E}"
EndProject
Project("{9A19103F-16F7-4668-BE54-9A1E7A4F7556}") = "有序链表转换二叉搜索树", "有序链表转换二叉搜索树\有序链表转换二叉搜索树.csproj", "{DE52462D-0B01-4A78-8CB9-AD97626874DF}"
EndProject
Project("{9A19103F-16F7-4668-BE54-9A1E7A4F7556}") = "从尾到头打印链表", "从尾到头打印链表\从尾到头打印链表.csproj", "{FB96F318-44D5-4763-B370-05B60720C16D}"
EndProject
Project("{9A19103F-16F7-4668-BE54-9A1E7A4F7556}") = "复杂链表的复制", "复杂链表的复制\复杂链表的复制.csproj", "{BA628F9C-790F-47A8-956C-BF9D09EA6C52}"
EndProject
Project("{9A19103F-16F7-4668-BE54-9A1E7A4F7556}") = "链表的中间结点", "链表的中间结点\链表的中间结点.csproj", "{B616C27E-8F1E-45F0-A931-FDA45EFA3C14}"
EndProject
Project("{9A19103F-16F7-4668-BE54-9A1E7A4F7556}") = "移除重复节点", "移除重复节点\移除重复节点.csproj", "{60FCD06D-F8C8-4DD0-8131-AC80367AAADC}"
EndProject
Project("{9A19103F-16F7-4668-BE54-9A1E7A4F7556}") = "链表相交", "链表相交\链表相交.csproj", "{48342BAB-78B9-4803-AA2F-517F24B3D2B6}"
EndProject
Project("{9A19103F-16F7-4668-BE54-9A1E7A4F7556}") = "环路检测", "环路检测\环路检测.csproj", "{47860441-AC9D-4617-9DCD-EFB89601EAFC}"
EndProject
Project("{9A19103F-16F7-4668-BE54-9A1E7A4F7556}") = "合并两个有序链表", "合并两个有序链表\合并两个有序链表.csproj", "{2D091EAA-99A7-460E-ACB9-2AAAA20EDBC3}"
EndProject
Project("{9A19103F-16F7-4668-BE54-9A1E7A4F7556}") = "两个链表的第一个公共节点", "两个链表的第一个公共节点\两个链表的第一个公共节点.csproj", "{D1085217-CC36-4C24-8A3F-5F32043BAF6C}"
EndProject
Project("{9A19103F-16F7-4668-BE54-9A1E7A4F7556}") = "删除排序链表中的重复元素", "删除排序链表中的重复元素\删除排序链表中的重复元素.csproj", "{60D2099C-EDD4-4207-9F75-34641A15E613}"
EndProject
Project("{9A19103F-16F7-4668-BE54-9A1E7A4F7556}") = "环形链表", "环形链表\环形链表.csproj", "{A639F5BB-3CE6-4FDE-80D2-F02DAD367517}"
EndProject
Project("{9A19103F-16F7-4668-BE54-9A1E7A4F7556}") = "回文链表", "回文链表\回文链表.csproj", "{F2E619A0-4053-4546-984A-F919F1532FAC}"
EndProject
Project("{9A19103F-16F7-4668-BE54-9A1E7A4F7556}") = "移除链表元素", "移除链表元素\移除链表元素.csproj", "{6506BD7E-CCEE-4243-9669-1CA518BF2DA8}"
EndProject
Project("{9A19103F-16F7-4668-BE54-9A1E7A4F7556}") = "两两交换链表中的节点", "两两交换链表中的节点\两两交换链表中的节点.csproj", "{8C023A0B-B23F-4186-8167-6736AE5C3FFE}"
EndProject
Project("{9A19103F-16F7-4668-BE54-9A1E7A4F7556}") = "排序链表", "排序链表\排序链表.csproj", "{C37F3738-A33D-4E99-AA62-BF75E62EB1FF}"
EndProject
Project("{2150E333-8FDC-42A3-9474-1A3956D46DE8}") = "排序算法", "排序算法", "{2B17D743-F59C-45C9-A56C-D2277371AC92}"
EndProject
Project("{9A19103F-16F7-4668-BE54-9A1E7A4F7556}") = "冒泡排序", "冒泡排序\冒泡排序.csproj", "{07691F1A-12F3-44B2-B1FE-57373F345E22}"
EndProject
Project("{9A19103F-16F7-4668-BE54-9A1E7A4F7556}") = "选择排序", "选择排序\选择排序.csproj", "{412BD2F6-2794-42FF-A09A-6CEFD6318E53}"
EndProject
Project("{9A19103F-16F7-4668-BE54-9A1E7A4F7556}") = "插入排序", "插入排序\插入排序.csproj", "{C5C0FDFC-AFE8-4EA5-A81D-CB76952E10EA}"
EndProject
Project("{9A19103F-16F7-4668-BE54-9A1E7A4F7556}") = "快速排序", "快速排序\快速排序.csproj", "{3FF089D5-D067-4FE5-8415-05653EF7C4DA}"
EndProject
Project("{9A19103F-16F7-4668-BE54-9A1E7A4F7556}") = "希尔排序", "希尔排序\希尔排序.csproj", "{7E6A125B-5A33-4263-B1FD-3B39F8AA28B6}"
EndProject
Project("{9A19103F-16F7-4668-BE54-9A1E7A4F7556}") = "归并排序", "归并排序\归并排序.csproj", "{CE8180B6-C3C8-4505-98F6-DC46B09059A3}"
EndProject
Project("{9A19103F-16F7-4668-BE54-9A1E7A4F7556}") = "桶排序", "桶排序\桶排序.csproj", "{EF636FD8-A3EF-4809-8424-AEF49715F4BF}"
EndProject
Project("{9A19103F-16F7-4668-BE54-9A1E7A4F7556}") = "堆排序", "堆排序\堆排序.csproj", "{612C9723-554B-4775-89FE-DB6025BD6739}"
EndProject
Project("{2150E333-8FDC-42A3-9474-1A3956D46DE8}") = "二叉树", "二叉树", "{5D40870E-DA7F-466B-8F04-4FCCF2406662}"
EndProject
Project("{9A19103F-16F7-4668-BE54-9A1E7A4F7556}") = "从前序与中序遍历序列构造二叉树", "从前序与中序遍历序列构造二叉树\从前序与中序遍历序列构造二叉树.csproj", "{7F44D974-75BE-4E51-A75B-ECAA9EEFACE7}"
EndProject
Project("{9A19103F-16F7-4668-BE54-9A1E7A4F7556}") = "二叉树的层次遍历 II", "二叉树的层次遍历 II\二叉树的层次遍历 II.csproj", "{519FBF5C-124B-4692-BCBC-DAB99B7346C4}"
EndProject
Project("{9A19103F-16F7-4668-BE54-9A1E7A4F7556}") = "二叉树最小深度", "二叉树最小深度\二叉树最小深度.csproj", "{889B012A-1B74-45B9-87B8-1F7060C4AF3E}"
EndProject
Project("{9A19103F-16F7-4668-BE54-9A1E7A4F7556}") = "二叉树的右视图", "二叉树的右视图\二叉树的右视图.csproj", "{C998BE60-F7DF-4CA8-A3A2-EF6FF22B981E}"
EndProject
Project("{9A19103F-16F7-4668-BE54-9A1E7A4F7556}") = "二叉树的层平均值", "二叉树的层平均值\二叉树的层平均值.csproj", "{5B24E483-3286-4138-ADCC-8D6AEBC009A7}"
EndProject
Project("{2150E333-8FDC-42A3-9474-1A3956D46DE8}") = "二叉树的BFS", "二叉树的BFS", "{8233E011-14FB-44E0-9E7E-AABC001B16D4}"
EndProject
Project("{9A19103F-16F7-4668-BE54-9A1E7A4F7556}") = "N 叉树的层序遍历", "N 叉树的层序遍历\N 叉树的层序遍历.csproj", "{82F36DFD-F5F8-4737-AF9B-ED195F1DA614}"
EndProject
Project("{9A19103F-16F7-4668-BE54-9A1E7A4F7556}") = "752. 打开转盘锁", "752. 打开转盘锁\752. 打开转盘锁.csproj", "{9AFD39AD-3C8F-4BD2-A62B-5F7DD42AFFDC}"
EndProject
Project("{9A19103F-16F7-4668-BE54-9A1E7A4F7556}") = "116. 填充每个节点的下一个右侧节点指针", "116. 填充每个节点的下一个右侧节点指针\116. 填充每个节点的下一个右侧节点指针.csproj", "{20798E5F-39D8-4FB1-BEF0-8B0D67B9ACDF}"
EndProject
Project("{2150E333-8FDC-42A3-9474-1A3956D46DE8}") = "回溯算法", "回溯算法", "{14198B33-8A7F-435D-B9B7-DC4C543AD87F}"
EndProject
Project("{9A19103F-16F7-4668-BE54-9A1E7A4F7556}") = "46. 全排列", "46. 全排列\46. 全排列.csproj", "{9B25245E-8A3D-494E-9D61-0DCE1C91603C}"
EndProject
Project("{9A19103F-16F7-4668-BE54-9A1E7A4F7556}") = "N皇后", "N皇后\N皇后.csproj", "{10CCEF25-985A-475D-8795-B7E099E05616}"
EndProject
Project("{9A19103F-16F7-4668-BE54-9A1E7A4F7556}") = "37数独", "37数独\37数独.csproj", "{C72D2485-7787-413E-A207-530EDD02D807}"
EndProject
Project("{9A19103F-16F7-4668-BE54-9A1E7A4F7556}") = "216. 组合总和 III", "216. 组合总和 III\216. 组合总和 III.csproj", "{D3EFD281-9717-4A89-AAD5-CD86C0F1252A}"
EndProject
Project("{9A19103F-16F7-4668-BE54-9A1E7A4F7556}") = "40. 组合总和 II", "40. 组合总和 II\40. 组合总和 II.csproj", "{DF03C8F3-53FD-4513-96CA-6ABB3169BAE4}"
EndProject
Project("{9A19103F-16F7-4668-BE54-9A1E7A4F7556}") = "39 数组总和", "39 数组总和\39 数组总和.csproj", "{B38C0018-2B68-425A-8EB5-7F2ADACAD4B6}"
EndProject
Project("{9A19103F-16F7-4668-BE54-9A1E7A4F7556}") = "707设计链表", "707设计链表\707设计链表.csproj", "{01F232C3-7D36-4A4D-BB23-FAE18F883464}"
EndProject
Project("{9A19103F-16F7-4668-BE54-9A1E7A4F7556}") = "92. 反转链表 II", "92. 反转链表 II\92. 反转链表 II.csproj", "{25FFCEC6-159C-4078-A751-DFB3BE833C1B}"
EndProject
Project("{9A19103F-16F7-4668-BE54-9A1E7A4F7556}") = "206. 反转链表", "206. 反转链表\206. 反转链表.csproj", "{4EC92968-A5F2-4607-AD49-F5B38D880036}"
EndProject
Project("{9A19103F-16F7-4668-BE54-9A1E7A4F7556}") = "142. 环形链表 II", "142. 环形链表 II\142. 环形链表 II.csproj", "{F87AB64E-AE8F-4C76-90C4-BDA44EFD1350}"
EndProject
Project("{9A19103F-16F7-4668-BE54-9A1E7A4F7556}") = "226.翻转二叉树", "226.翻转二叉树\226.翻转二叉树.csproj", "{9DB04F0C-C9D0-41B6-A7DD-C9A165A47F58}"
EndProject
Project("{9A19103F-16F7-4668-BE54-9A1E7A4F7556}") = "515. 在每个树行中找最大值", "515. 在每个树行中找最大值\515. 在每个树行中找最大值.csproj", "{69041194-40FB-40F7-AEB4-A980833420D8}"
EndProject
Project("{9A19103F-16F7-4668-BE54-9A1E7A4F7556}") = "101. 对称二叉树", "101. 对称二叉树\101. 对称二叉树.csproj", "{C1B9B6F7-9F08-4D54-881E-2A75ECEE7728}"
EndProject
Project("{9A19103F-16F7-4668-BE54-9A1E7A4F7556}") = "104. 二叉树的最大深度", "104. 二叉树的最大深度\104. 二叉树的最大深度.csproj", "{29E63FFB-8091-45E2-8A2E-A856E9872BE2}"
EndProject
Project("{9A19103F-16F7-4668-BE54-9A1E7A4F7556}") = "222. 完全二叉树的节点个数", "222. 完全二叉树的节点个数\222. 完全二叉树的节点个数.csproj", "{B9138F47-D308-4430-9457-2C70347F2D6A}"
EndProject
Project("{9A19103F-16F7-4668-BE54-9A1E7A4F7556}") = "110. 平衡二叉树", "110. 平衡二叉树\110. 平衡二叉树.csproj", "{48FF0991-0F0C-418C-ADE1-237F06B87FFC}"
EndProject
Project("{9A19103F-16F7-4668-BE54-9A1E7A4F7556}") = "100. 相同的树", "100. 相同的树\100. 相同的树.csproj", "{3F0D331B-485C-4BD7-89ED-C41B03A246A1}"
EndProject
Project("{9A19103F-16F7-4668-BE54-9A1E7A4F7556}") = "257. 二叉树的所有路径", "257. 二叉树的所有路径\257. 二叉树的所有路径.csproj", "{8095E632-537F-4596-AD13-A35DFAC0BAA8}"
EndProject
Project("{9A19103F-16F7-4668-BE54-9A1E7A4F7556}") = "404. 左叶子之和", "404. 左叶子之和\404. 左叶子之和.csproj", "{6BC64185-5D08-47A3-B9F5-603EF0F8183A}"
EndProject
Project("{9A19103F-16F7-4668-BE54-9A1E7A4F7556}") = "513.找树左下角的值", "513.找树左下角的值\513.找树左下角的值.csproj", "{CD62241D-4C1C-414F-8702-2167080C71A4}"
EndProject
Project("{9A19103F-16F7-4668-BE54-9A1E7A4F7556}") = "112. 路径总和", "112. 路径总和\112. 路径总和.csproj", "{C2D65E7A-0D65-470D-ADD4-D4E20BBFC6D8}"
EndProject
Project("{9A19103F-16F7-4668-BE54-9A1E7A4F7556}") = "113. 路径总和 II", "113. 路径总和 II\113. 路径总和 II.csproj", "{DA8F6490-84DA-422F-A5D0-2B1AA07FA8B1}"
EndProject
Project("{9A19103F-16F7-4668-BE54-9A1E7A4F7556}") = "106. 从中序与后序遍历序列构造二叉树", "106. 从中序与后序遍历序列构造二叉树\106. 从中序与后序遍历序列构造二叉树.csproj", "{9E20573F-67E9-4EF4-96C2-517E2E1955F9}"
EndProject
Project("{9A19103F-16F7-4668-BE54-9A1E7A4F7556}") = "654. 最大二叉树", "654. 最大二叉树\654. 最大二叉树.csproj", "{895A6BC1-E083-4CA2-BDA2-27D5ED7D99CE}"
EndProject
Project("{9A19103F-16F7-4668-BE54-9A1E7A4F7556}") = "617. 合并二叉树", "617. 合并二叉树\617. 合并二叉树.csproj", "{2BC29D9C-05B4-441C-A721-428050AA6F1B}"
EndProject
Project("{9A19103F-16F7-4668-BE54-9A1E7A4F7556}") = "700. 二叉搜索树中的搜索", "700. 二叉搜索树中的搜索\700. 二叉搜索树中的搜索.csproj", "{394EAFB7-192A-4775-B297-66DE5B214C47}"
EndProject
Project("{9A19103F-16F7-4668-BE54-9A1E7A4F7556}") = "98. 验证二叉搜索树", "98. 验证二叉搜索树\98. 验证二叉搜索树.csproj", "{FE3CD608-B348-4E2F-8369-64AA0D385C17}"
EndProject
Project("{9A19103F-16F7-4668-BE54-9A1E7A4F7556}") = "530. 二叉搜索树的最小绝对差", "530. 二叉搜索树的最小绝对差\530. 二叉搜索树的最小绝对差.csproj", "{337C0D0D-5B1A-4031-A57B-D20D71F3B8EC}"
EndProject
Project("{9A19103F-16F7-4668-BE54-9A1E7A4F7556}") = "501. 二叉搜索树中的众数", "501. 二叉搜索树中的众数\501. 二叉搜索树中的众数.csproj", "{FB319000-9D47-4C1A-B528-C84A88077031}"
EndProject
Project("{9A19103F-16F7-4668-BE54-9A1E7A4F7556}") = "236. 二叉树的最近公共祖先", "236. 二叉树的最近公共祖先\236. 二叉树的最近公共祖先.csproj", "{40C5F8DD-0239-4B94-AA53-F789743F8C71}"
EndProject
Project("{9A19103F-16F7-4668-BE54-9A1E7A4F7556}") = "235. 二叉搜索树的最近公共祖先", "235. 二叉搜索树的最近公共祖先\235. 二叉搜索树的最近公共祖先.csproj", "{A8DB1972-22A9-4F07-8E15-37BD9BF0FE24}"
EndProject
Project("{9A19103F-16F7-4668-BE54-9A1E7A4F7556}") = "701.二叉搜索树中的插入操作", "701.二叉搜索树中的插入操作\701.二叉搜索树中的插入操作.csproj", "{DEDBC095-11A7-45B0-897F-69E046A4CE8C}"
EndProject
Project("{9A19103F-16F7-4668-BE54-9A1E7A4F7556}") = "450. 删除二叉搜索树中的节点", "450. 删除二叉搜索树中的节点\450. 删除二叉搜索树中的节点.csproj", "{A5A29E25-5F5D-438E-8156-9BE312F36867}"
EndProject
Project("{9A19103F-16F7-4668-BE54-9A1E7A4F7556}") = "669. 修剪二叉搜索树", "669. 修剪二叉搜索树\669. 修剪二叉搜索树.csproj", "{6C72AE6A-8235-441D-9025-E157BDBE7F8E}"
EndProject
Project("{2150E333-8FDC-42A3-9474-1A3956D46DE8}") = "数组", "数组", "{26585BBE-1B99-4BE1-A6FE-B40BCD2F4327}"
EndProject
Project("{9A19103F-16F7-4668-BE54-9A1E7A4F7556}") = "35. 搜索插入位置", "35. 搜索插入位置\35. 搜索插入位置.csproj", "{2856A7BB-C3A6-4A2C-B02D-AABB22D32549}"
EndProject
Project("{9A19103F-16F7-4668-BE54-9A1E7A4F7556}") = "27. 移除元素", "27. 移除元素\27. 移除元素.csproj", "{84CD3BF7-69EA-4FC6-981E-DD3BD50A0E5B}"
EndProject
Project("{9A19103F-16F7-4668-BE54-9A1E7A4F7556}") = "15. 三数之和", "15. 三数之和\15. 三数之和.csproj", "{96EE893F-198B-4483-8878-6665938B6CF0}"
EndProject
Project("{9A19103F-16F7-4668-BE54-9A1E7A4F7556}") = "1. 两数之和", "1. 两数之和\1. 两数之和.csproj", "{DEC79E0B-96AC-48D0-8657-D848A578F14F}"
EndProject
Project("{9A19103F-16F7-4668-BE54-9A1E7A4F7556}") = "18. 四数之和", "18. 四数之和\18. 四数之和.csproj", "{D619F934-440B-4FF3-9EBA-29BD2BFC8A23}"
EndProject
Project("{9A19103F-16F7-4668-BE54-9A1E7A4F7556}") = "454. 四数相加 II", "454. 四数相加 II\454. 四数相加 II.csproj", "{D9C511E2-2612-416D-B49D-25D4971B06C8}"
EndProject
Project("{9A19103F-16F7-4668-BE54-9A1E7A4F7556}") = "209. 长度最小的子数组", "209. 长度最小的子数组\209. 长度最小的子数组.csproj", "{6DD70049-F530-4633-851F-8D670F896FC5}"
EndProject
Project("{9A19103F-16F7-4668-BE54-9A1E7A4F7556}") = "3. 无重复字符的最长子串", "3. 无重复字符的最长子串\3. 无重复字符的最长子串.csproj", "{73237D92-6543-4DF5-A2BB-FC4B177185A2}"
EndProject
Project("{9A19103F-16F7-4668-BE54-9A1E7A4F7556}") = "989. 数组形式的整数加法", "989. 数组形式的整数加法\989. 数组形式的整数加法.csproj", "{1DBDFEFA-FECD-4DC8-9251-B6718648BA73}"
EndProject
Project("{9A19103F-16F7-4668-BE54-9A1E7A4F7556}") = "718. 最长重复子数组", "718. 最长重复子数组\718. 最长重复子数组.csproj", "{6DF760DF-5F15-4ED8-8413-6E7717957900}"
EndProject
Project("{9A19103F-16F7-4668-BE54-9A1E7A4F7556}") = "59. 螺旋矩阵 II", "59. 螺旋矩阵 II\59. 螺旋矩阵 II.csproj", "{20F2921B-8431-4769-90EB-4FFF72E9B8A8}"
EndProject
Project("{9A19103F-16F7-4668-BE54-9A1E7A4F7556}") = "54. 螺旋矩阵", "54. 螺旋矩阵\54. 螺旋矩阵.csproj", "{1F46343D-C986-42BE-9238-66EC80A60C74}"
EndProject
Project("{2150E333-8FDC-42A3-9474-1A3956D46DE8}") = "哈希", "哈希", "{EEC12249-13D1-4AAC-9483-9FBD76A546CA}"
EndProject
Project("{9A19103F-16F7-4668-BE54-9A1E7A4F7556}") = "HashSetTest", "HashSetTest\HashSetTest.csproj", "{302267FF-A4EE-41DD-8D13-85D55DCD6651}"
EndProject
Project("{9A19103F-16F7-4668-BE54-9A1E7A4F7556}") = "888. 公平的糖果棒交换", "888. 公平的糖果棒交换\888. 公平的糖果棒交换.csproj", "{02367C8A-066B-4E12-B950-AB5D9A6380B6}"
EndProject
Project("{9A19103F-16F7-4668-BE54-9A1E7A4F7556}") = "150. 逆波兰表达式求值", "150. 逆波兰表达式求值\150. 逆波兰表达式求值.csproj", "{23964DA4-DE8D-4C64-BBBC-74009337B474}"
EndProject
Project("{9A19103F-16F7-4668-BE54-9A1E7A4F7556}") = "622. 设计循环队列", "622. 设计循环队列\622. 设计循环队列.csproj", "{B1FF028A-1991-4A46-91DB-C5AEDDE211F8}"
EndProject
Project("{9A19103F-16F7-4668-BE54-9A1E7A4F7556}") = "978. 最长湍流子数组", "978. 最长湍流子数组\978. 最长湍流子数组.csproj", "{C49FD5CA-3A77-4AD3-996B-E1BB82576538}"
EndProject
Project("{9A19103F-16F7-4668-BE54-9A1E7A4F7556}") = "1208. 尽可能使字符串相等", "1208. 尽可能使字符串相等\1208. 尽可能使字符串相等.csproj", "{C0821567-1106-4BDD-93D7-E96E10FBC33E}"
EndProject
Project("{2150E333-8FDC-42A3-9474-1A3956D46DE8}") = "栈", "栈", "{56C0827A-271A-476C-99DD-EE6F589B6290}"
EndProject
Project("{9A19103F-16F7-4668-BE54-9A1E7A4F7556}") = "496. 下一个更大元素 I", "496. 下一个更大元素 I\496. 下一个更大元素 I.csproj", "{9ADCD404-4135-415A-8997-3CAE0EEB3205}"
EndProject
Project("{9A19103F-16F7-4668-BE54-9A1E7A4F7556}") = "232. 用栈实现队列", "232. 用栈实现队列\232. 用栈实现队列.csproj", "{A5B16844-4243-4CFD-B22B-62E869FFC068}"
EndProject
Project("{9A19103F-16F7-4668-BE54-9A1E7A4F7556}") = "225. 用队列实现栈", "225. 用队列实现栈\225. 用队列实现栈.csproj", "{4486FC82-9276-4569-A46F-DABEBACC2F37}"
EndProject
Project("{9A19103F-16F7-4668-BE54-9A1E7A4F7556}") = "20. 有效的括号", "20. 有效的括号\20. 有效的括号.csproj", "{30B42703-4D08-418B-8F49-85A96919D7D9}"
EndProject
Project("{9A19103F-16F7-4668-BE54-9A1E7A4F7556}") = "67. 把字符串转换成整数", "67. 把字符串转换成整数\67. 把字符串转换成整数.csproj", "{331B1215-354E-4519-82C6-62372BFC68C7}"
EndProject
Project("{2150E333-8FDC-42A3-9474-1A3956D46DE8}") = "复习1", "复习1", "{A0B1589B-22FB-4E87-80C2-6B24DD3293FB}"
EndProject
Project("{2150E333-8FDC-42A3-9474-1A3956D46DE8}") = "链表", "链表", "{74D97FAE-8594-48D8-9ACC-B780F8CABBEA}"
EndProject
Project("{9A19103F-16F7-4668-BE54-9A1E7A4F7556}") = "206反转链表-重做", "206反转链表\206反转链表-重做.csproj", "{1A419EA4-8691-42A1-A454-D3430453A411}"
EndProject
Project("{9A19103F-16F7-4668-BE54-9A1E7A4F7556}") = "92反转部分链表", "92反转部分链表\92反转部分链表.csproj", "{EDFC99D9-723F-44A3-A9F9-91200583D4B5}"
EndProject
Project("{9A19103F-16F7-4668-BE54-9A1E7A4F7556}") = "234回文链表", "234回文链表\234回文链表.csproj", "{0D1E7F46-FCEE-4351-8A67-481B7B66AF53}"
EndProject
Project("{9A19103F-16F7-4668-BE54-9A1E7A4F7556}") = "203. 移除链表元素", "203. 移除链表元素\203. 移除链表元素.csproj", "{CD9B8942-BB4C-4FD7-8446-AF48ABD0629E}"
EndProject
Project("{9A19103F-16F7-4668-BE54-9A1E7A4F7556}") = "142. 环形链表 II复习", "142. 环形链表 II复习\142. 环形链表 II复习.csproj", "{2DAED41A-FCB2-44D8-8B1A-7C1A39C9567B}"
EndProject
Project("{2150E333-8FDC-42A3-9474-1A3956D46DE8}") = "二叉树", "二叉树", "{8A655070-CADB-4D0C-91EF-4BFB68FE9DE2}"
EndProject
Project("{9A19103F-16F7-4668-BE54-9A1E7A4F7556}") = "645最大二叉树", "645最大二叉树\645最大二叉树.csproj", "{3C0048A7-D08E-4EFB-9E46-D05C032C27D6}"
EndProject
Project("{9A19103F-16F7-4668-BE54-9A1E7A4F7556}") = "707.设计链表复习", "707.设计链表复习\707.设计链表复习.csproj", "{AB3288A9-4842-435E-A07F-6FB7DB8CE9BE}"
EndProject
Project("{9A19103F-16F7-4668-BE54-9A1E7A4F7556}") = "链表求和", "链表求和\链表求和.csproj", "{F8B01AC4-8DDD-4C41-BCA9-77E0798B9909}"
EndProject
Project("{9A19103F-16F7-4668-BE54-9A1E7A4F7556}") = "19. 删除链表的倒数第 N 个结点", "19. 删除链表的倒数第 N 个结点\19. 删除链表的倒数第 N 个结点.csproj", "{6A4F82BC-1623-4A99-84B2-35DCA289DF86}"
EndProject
Project("{9A19103F-16F7-4668-BE54-9A1E7A4F7556}") = "61. 旋转链表", "61. 旋转链表\61. 旋转链表.csproj", "{525BDB12-0DB1-498E-AC67-FC2E90287534}"
EndProject
Project("{9A19103F-16F7-4668-BE54-9A1E7A4F7556}") = "82. 删除排序链表中的重复元素 II", "82. 删除排序链表中的重复元素 II\82. 删除排序链表中的重复元素 II.csproj", "{D68B992F-3819-424A-9E6C-8E68A5BBA2C0}"
EndProject
Project("{9A19103F-16F7-4668-BE54-9A1E7A4F7556}") = "210. 课程表 II", "210. 课程表 II\210. 课程表 II.csproj", "{4B45966C-2DAE-4C3C-AEF1-1DE7A75C976D}"
EndProject
Project("{FAE04EC0-301F-11D3-BF4B-00C04F79EFBC}") = "114. 二叉树展开为链表", "114. 二叉树展开为链表\114. 二叉树展开为链表.csproj", "{7952DD10-11E1-4D38-B1B1-A1E019D5B666}"
EndProject
Project("{FAE04EC0-301F-11D3-BF4B-00C04F79EFBC}") = "116. 填充每个节点的下一个右侧节点指针复习", "116. 填充每个节点的下一个右侧节点指针复习\116. 填充每个节点的下一个右侧节点指针复习.csproj", "{9F8C13BF-D53F-42CD-A4EA-481F1138DA6E}"
EndProject
Project("{FAE04EC0-301F-11D3-BF4B-00C04F79EFBC}") = "105. 从前序与中序遍历序列构造二叉树复习", "105. 从前序与中序遍历序列构造二叉树复习\105. 从前序与中序遍历序列构造二叉树复习.csproj", "{A29021E5-C04E-467A-B818-F9C7FFB44E54}"
EndProject
Project("{FAE04EC0-301F-11D3-BF4B-00C04F79EFBC}") = "106. 从中序与后序遍历序列构造二叉树复习", "106. 从中序与后序遍历序列构造二叉树复习\106. 从中序与后序遍历序列构造二叉树复习.csproj", "{CE9119FF-D3D0-4FEB-8E0C-31A3999AF0A1}"
EndProject
Global
	GlobalSection(SolutionConfigurationPlatforms) = preSolution
		Debug|Any CPU = Debug|Any CPU
		Release|Any CPU = Release|Any CPU
	EndGlobalSection
	GlobalSection(ProjectConfigurationPlatforms) = postSolution
		{7CF08A7B-73CF-463F-92AF-7BF5FC39157E}.Debug|Any CPU.ActiveCfg = Debug|Any CPU
		{7CF08A7B-73CF-463F-92AF-7BF5FC39157E}.Debug|Any CPU.Build.0 = Debug|Any CPU
		{7CF08A7B-73CF-463F-92AF-7BF5FC39157E}.Release|Any CPU.ActiveCfg = Release|Any CPU
		{7CF08A7B-73CF-463F-92AF-7BF5FC39157E}.Release|Any CPU.Build.0 = Release|Any CPU
		{5B3710EE-F736-493D-B608-EA42C0644FAC}.Debug|Any CPU.ActiveCfg = Debug|Any CPU
		{5B3710EE-F736-493D-B608-EA42C0644FAC}.Debug|Any CPU.Build.0 = Debug|Any CPU
		{5B3710EE-F736-493D-B608-EA42C0644FAC}.Release|Any CPU.ActiveCfg = Release|Any CPU
		{5B3710EE-F736-493D-B608-EA42C0644FAC}.Release|Any CPU.Build.0 = Release|Any CPU
		{26D884AF-9CA9-4090-A253-42BFFA9D3532}.Debug|Any CPU.ActiveCfg = Debug|Any CPU
		{26D884AF-9CA9-4090-A253-42BFFA9D3532}.Debug|Any CPU.Build.0 = Debug|Any CPU
		{26D884AF-9CA9-4090-A253-42BFFA9D3532}.Release|Any CPU.ActiveCfg = Release|Any CPU
		{26D884AF-9CA9-4090-A253-42BFFA9D3532}.Release|Any CPU.Build.0 = Release|Any CPU
		{09B6C7C6-0B41-4400-BB48-52E4B4FBD421}.Debug|Any CPU.ActiveCfg = Debug|Any CPU
		{09B6C7C6-0B41-4400-BB48-52E4B4FBD421}.Debug|Any CPU.Build.0 = Debug|Any CPU
		{09B6C7C6-0B41-4400-BB48-52E4B4FBD421}.Release|Any CPU.ActiveCfg = Release|Any CPU
		{09B6C7C6-0B41-4400-BB48-52E4B4FBD421}.Release|Any CPU.Build.0 = Release|Any CPU
		{DB1ECC6B-57DE-4082-BCD5-7A1A258BA31F}.Debug|Any CPU.ActiveCfg = Debug|Any CPU
		{DB1ECC6B-57DE-4082-BCD5-7A1A258BA31F}.Debug|Any CPU.Build.0 = Debug|Any CPU
		{DB1ECC6B-57DE-4082-BCD5-7A1A258BA31F}.Release|Any CPU.ActiveCfg = Release|Any CPU
		{DB1ECC6B-57DE-4082-BCD5-7A1A258BA31F}.Release|Any CPU.Build.0 = Release|Any CPU
		{665872D7-7204-4070-A97D-2DF281E0A319}.Debug|Any CPU.ActiveCfg = Debug|Any CPU
		{665872D7-7204-4070-A97D-2DF281E0A319}.Debug|Any CPU.Build.0 = Debug|Any CPU
		{665872D7-7204-4070-A97D-2DF281E0A319}.Release|Any CPU.ActiveCfg = Release|Any CPU
		{665872D7-7204-4070-A97D-2DF281E0A319}.Release|Any CPU.Build.0 = Release|Any CPU
		{E79FA1BC-89D3-45A3-84A2-040376DD2D40}.Debug|Any CPU.ActiveCfg = Debug|Any CPU
		{E79FA1BC-89D3-45A3-84A2-040376DD2D40}.Debug|Any CPU.Build.0 = Debug|Any CPU
		{E79FA1BC-89D3-45A3-84A2-040376DD2D40}.Release|Any CPU.ActiveCfg = Release|Any CPU
		{E79FA1BC-89D3-45A3-84A2-040376DD2D40}.Release|Any CPU.Build.0 = Release|Any CPU
		{F77F322B-BC15-41D4-B8DC-7B83C678EFD8}.Debug|Any CPU.ActiveCfg = Debug|Any CPU
		{F77F322B-BC15-41D4-B8DC-7B83C678EFD8}.Debug|Any CPU.Build.0 = Debug|Any CPU
		{F77F322B-BC15-41D4-B8DC-7B83C678EFD8}.Release|Any CPU.ActiveCfg = Release|Any CPU
		{F77F322B-BC15-41D4-B8DC-7B83C678EFD8}.Release|Any CPU.Build.0 = Release|Any CPU
		{F9B30BE4-5367-431D-9B0D-2FCE9D487492}.Debug|Any CPU.ActiveCfg = Debug|Any CPU
		{F9B30BE4-5367-431D-9B0D-2FCE9D487492}.Debug|Any CPU.Build.0 = Debug|Any CPU
		{F9B30BE4-5367-431D-9B0D-2FCE9D487492}.Release|Any CPU.ActiveCfg = Release|Any CPU
		{F9B30BE4-5367-431D-9B0D-2FCE9D487492}.Release|Any CPU.Build.0 = Release|Any CPU
		{420A78A3-0566-4A20-87EC-5003FF23D8C9}.Debug|Any CPU.ActiveCfg = Debug|Any CPU
		{420A78A3-0566-4A20-87EC-5003FF23D8C9}.Debug|Any CPU.Build.0 = Debug|Any CPU
		{420A78A3-0566-4A20-87EC-5003FF23D8C9}.Release|Any CPU.ActiveCfg = Release|Any CPU
		{420A78A3-0566-4A20-87EC-5003FF23D8C9}.Release|Any CPU.Build.0 = Release|Any CPU
		{A0B19804-C472-43F2-830E-D7AF8EE74E02}.Debug|Any CPU.ActiveCfg = Debug|Any CPU
		{A0B19804-C472-43F2-830E-D7AF8EE74E02}.Debug|Any CPU.Build.0 = Debug|Any CPU
		{A0B19804-C472-43F2-830E-D7AF8EE74E02}.Release|Any CPU.ActiveCfg = Release|Any CPU
		{A0B19804-C472-43F2-830E-D7AF8EE74E02}.Release|Any CPU.Build.0 = Release|Any CPU
		{67B05512-9A6E-4086-B4F3-5BD46C8F408C}.Debug|Any CPU.ActiveCfg = Debug|Any CPU
		{67B05512-9A6E-4086-B4F3-5BD46C8F408C}.Debug|Any CPU.Build.0 = Debug|Any CPU
		{67B05512-9A6E-4086-B4F3-5BD46C8F408C}.Release|Any CPU.ActiveCfg = Release|Any CPU
		{67B05512-9A6E-4086-B4F3-5BD46C8F408C}.Release|Any CPU.Build.0 = Release|Any CPU
		{7093D99A-B476-4A2C-B490-4136BE902A41}.Debug|Any CPU.ActiveCfg = Debug|Any CPU
		{7093D99A-B476-4A2C-B490-4136BE902A41}.Debug|Any CPU.Build.0 = Debug|Any CPU
		{7093D99A-B476-4A2C-B490-4136BE902A41}.Release|Any CPU.ActiveCfg = Release|Any CPU
		{7093D99A-B476-4A2C-B490-4136BE902A41}.Release|Any CPU.Build.0 = Release|Any CPU
		{45F6D9F0-7A73-4403-837E-6991A6675470}.Debug|Any CPU.ActiveCfg = Debug|Any CPU
		{45F6D9F0-7A73-4403-837E-6991A6675470}.Debug|Any CPU.Build.0 = Debug|Any CPU
		{45F6D9F0-7A73-4403-837E-6991A6675470}.Release|Any CPU.ActiveCfg = Release|Any CPU
		{45F6D9F0-7A73-4403-837E-6991A6675470}.Release|Any CPU.Build.0 = Release|Any CPU
		{D6D3E921-1EC2-4FAF-910B-2536E539305E}.Debug|Any CPU.ActiveCfg = Debug|Any CPU
		{D6D3E921-1EC2-4FAF-910B-2536E539305E}.Debug|Any CPU.Build.0 = Debug|Any CPU
		{D6D3E921-1EC2-4FAF-910B-2536E539305E}.Release|Any CPU.ActiveCfg = Release|Any CPU
		{D6D3E921-1EC2-4FAF-910B-2536E539305E}.Release|Any CPU.Build.0 = Release|Any CPU
		{34D22A31-69B3-437D-8A30-B015056AE41E}.Debug|Any CPU.ActiveCfg = Debug|Any CPU
		{34D22A31-69B3-437D-8A30-B015056AE41E}.Debug|Any CPU.Build.0 = Debug|Any CPU
		{34D22A31-69B3-437D-8A30-B015056AE41E}.Release|Any CPU.ActiveCfg = Release|Any CPU
		{34D22A31-69B3-437D-8A30-B015056AE41E}.Release|Any CPU.Build.0 = Release|Any CPU
		{DE52462D-0B01-4A78-8CB9-AD97626874DF}.Debug|Any CPU.ActiveCfg = Debug|Any CPU
		{DE52462D-0B01-4A78-8CB9-AD97626874DF}.Debug|Any CPU.Build.0 = Debug|Any CPU
		{DE52462D-0B01-4A78-8CB9-AD97626874DF}.Release|Any CPU.ActiveCfg = Release|Any CPU
		{DE52462D-0B01-4A78-8CB9-AD97626874DF}.Release|Any CPU.Build.0 = Release|Any CPU
		{FB96F318-44D5-4763-B370-05B60720C16D}.Debug|Any CPU.ActiveCfg = Debug|Any CPU
		{FB96F318-44D5-4763-B370-05B60720C16D}.Debug|Any CPU.Build.0 = Debug|Any CPU
		{FB96F318-44D5-4763-B370-05B60720C16D}.Release|Any CPU.ActiveCfg = Release|Any CPU
		{FB96F318-44D5-4763-B370-05B60720C16D}.Release|Any CPU.Build.0 = Release|Any CPU
		{BA628F9C-790F-47A8-956C-BF9D09EA6C52}.Debug|Any CPU.ActiveCfg = Debug|Any CPU
		{BA628F9C-790F-47A8-956C-BF9D09EA6C52}.Debug|Any CPU.Build.0 = Debug|Any CPU
		{BA628F9C-790F-47A8-956C-BF9D09EA6C52}.Release|Any CPU.ActiveCfg = Release|Any CPU
		{BA628F9C-790F-47A8-956C-BF9D09EA6C52}.Release|Any CPU.Build.0 = Release|Any CPU
		{B616C27E-8F1E-45F0-A931-FDA45EFA3C14}.Debug|Any CPU.ActiveCfg = Debug|Any CPU
		{B616C27E-8F1E-45F0-A931-FDA45EFA3C14}.Debug|Any CPU.Build.0 = Debug|Any CPU
		{B616C27E-8F1E-45F0-A931-FDA45EFA3C14}.Release|Any CPU.ActiveCfg = Release|Any CPU
		{B616C27E-8F1E-45F0-A931-FDA45EFA3C14}.Release|Any CPU.Build.0 = Release|Any CPU
		{60FCD06D-F8C8-4DD0-8131-AC80367AAADC}.Debug|Any CPU.ActiveCfg = Debug|Any CPU
		{60FCD06D-F8C8-4DD0-8131-AC80367AAADC}.Debug|Any CPU.Build.0 = Debug|Any CPU
		{60FCD06D-F8C8-4DD0-8131-AC80367AAADC}.Release|Any CPU.ActiveCfg = Release|Any CPU
		{60FCD06D-F8C8-4DD0-8131-AC80367AAADC}.Release|Any CPU.Build.0 = Release|Any CPU
		{48342BAB-78B9-4803-AA2F-517F24B3D2B6}.Debug|Any CPU.ActiveCfg = Debug|Any CPU
		{48342BAB-78B9-4803-AA2F-517F24B3D2B6}.Debug|Any CPU.Build.0 = Debug|Any CPU
		{48342BAB-78B9-4803-AA2F-517F24B3D2B6}.Release|Any CPU.ActiveCfg = Release|Any CPU
		{48342BAB-78B9-4803-AA2F-517F24B3D2B6}.Release|Any CPU.Build.0 = Release|Any CPU
		{47860441-AC9D-4617-9DCD-EFB89601EAFC}.Debug|Any CPU.ActiveCfg = Debug|Any CPU
		{47860441-AC9D-4617-9DCD-EFB89601EAFC}.Debug|Any CPU.Build.0 = Debug|Any CPU
		{47860441-AC9D-4617-9DCD-EFB89601EAFC}.Release|Any CPU.ActiveCfg = Release|Any CPU
		{47860441-AC9D-4617-9DCD-EFB89601EAFC}.Release|Any CPU.Build.0 = Release|Any CPU
		{2D091EAA-99A7-460E-ACB9-2AAAA20EDBC3}.Debug|Any CPU.ActiveCfg = Debug|Any CPU
		{2D091EAA-99A7-460E-ACB9-2AAAA20EDBC3}.Debug|Any CPU.Build.0 = Debug|Any CPU
		{2D091EAA-99A7-460E-ACB9-2AAAA20EDBC3}.Release|Any CPU.ActiveCfg = Release|Any CPU
		{2D091EAA-99A7-460E-ACB9-2AAAA20EDBC3}.Release|Any CPU.Build.0 = Release|Any CPU
		{D1085217-CC36-4C24-8A3F-5F32043BAF6C}.Debug|Any CPU.ActiveCfg = Debug|Any CPU
		{D1085217-CC36-4C24-8A3F-5F32043BAF6C}.Debug|Any CPU.Build.0 = Debug|Any CPU
		{D1085217-CC36-4C24-8A3F-5F32043BAF6C}.Release|Any CPU.ActiveCfg = Release|Any CPU
		{D1085217-CC36-4C24-8A3F-5F32043BAF6C}.Release|Any CPU.Build.0 = Release|Any CPU
		{60D2099C-EDD4-4207-9F75-34641A15E613}.Debug|Any CPU.ActiveCfg = Debug|Any CPU
		{60D2099C-EDD4-4207-9F75-34641A15E613}.Debug|Any CPU.Build.0 = Debug|Any CPU
		{60D2099C-EDD4-4207-9F75-34641A15E613}.Release|Any CPU.ActiveCfg = Release|Any CPU
		{60D2099C-EDD4-4207-9F75-34641A15E613}.Release|Any CPU.Build.0 = Release|Any CPU
		{A639F5BB-3CE6-4FDE-80D2-F02DAD367517}.Debug|Any CPU.ActiveCfg = Debug|Any CPU
		{A639F5BB-3CE6-4FDE-80D2-F02DAD367517}.Debug|Any CPU.Build.0 = Debug|Any CPU
		{A639F5BB-3CE6-4FDE-80D2-F02DAD367517}.Release|Any CPU.ActiveCfg = Release|Any CPU
		{A639F5BB-3CE6-4FDE-80D2-F02DAD367517}.Release|Any CPU.Build.0 = Release|Any CPU
		{F2E619A0-4053-4546-984A-F919F1532FAC}.Debug|Any CPU.ActiveCfg = Debug|Any CPU
		{F2E619A0-4053-4546-984A-F919F1532FAC}.Debug|Any CPU.Build.0 = Debug|Any CPU
		{F2E619A0-4053-4546-984A-F919F1532FAC}.Release|Any CPU.ActiveCfg = Release|Any CPU
		{F2E619A0-4053-4546-984A-F919F1532FAC}.Release|Any CPU.Build.0 = Release|Any CPU
		{6506BD7E-CCEE-4243-9669-1CA518BF2DA8}.Debug|Any CPU.ActiveCfg = Debug|Any CPU
		{6506BD7E-CCEE-4243-9669-1CA518BF2DA8}.Debug|Any CPU.Build.0 = Debug|Any CPU
		{6506BD7E-CCEE-4243-9669-1CA518BF2DA8}.Release|Any CPU.ActiveCfg = Release|Any CPU
		{6506BD7E-CCEE-4243-9669-1CA518BF2DA8}.Release|Any CPU.Build.0 = Release|Any CPU
		{8C023A0B-B23F-4186-8167-6736AE5C3FFE}.Debug|Any CPU.ActiveCfg = Debug|Any CPU
		{8C023A0B-B23F-4186-8167-6736AE5C3FFE}.Debug|Any CPU.Build.0 = Debug|Any CPU
		{8C023A0B-B23F-4186-8167-6736AE5C3FFE}.Release|Any CPU.ActiveCfg = Release|Any CPU
		{8C023A0B-B23F-4186-8167-6736AE5C3FFE}.Release|Any CPU.Build.0 = Release|Any CPU
		{C37F3738-A33D-4E99-AA62-BF75E62EB1FF}.Debug|Any CPU.ActiveCfg = Debug|Any CPU
		{C37F3738-A33D-4E99-AA62-BF75E62EB1FF}.Debug|Any CPU.Build.0 = Debug|Any CPU
		{C37F3738-A33D-4E99-AA62-BF75E62EB1FF}.Release|Any CPU.ActiveCfg = Release|Any CPU
		{C37F3738-A33D-4E99-AA62-BF75E62EB1FF}.Release|Any CPU.Build.0 = Release|Any CPU
		{07691F1A-12F3-44B2-B1FE-57373F345E22}.Debug|Any CPU.ActiveCfg = Debug|Any CPU
		{07691F1A-12F3-44B2-B1FE-57373F345E22}.Debug|Any CPU.Build.0 = Debug|Any CPU
		{07691F1A-12F3-44B2-B1FE-57373F345E22}.Release|Any CPU.ActiveCfg = Release|Any CPU
		{07691F1A-12F3-44B2-B1FE-57373F345E22}.Release|Any CPU.Build.0 = Release|Any CPU
		{412BD2F6-2794-42FF-A09A-6CEFD6318E53}.Debug|Any CPU.ActiveCfg = Debug|Any CPU
		{412BD2F6-2794-42FF-A09A-6CEFD6318E53}.Debug|Any CPU.Build.0 = Debug|Any CPU
		{412BD2F6-2794-42FF-A09A-6CEFD6318E53}.Release|Any CPU.ActiveCfg = Release|Any CPU
		{412BD2F6-2794-42FF-A09A-6CEFD6318E53}.Release|Any CPU.Build.0 = Release|Any CPU
		{C5C0FDFC-AFE8-4EA5-A81D-CB76952E10EA}.Debug|Any CPU.ActiveCfg = Debug|Any CPU
		{C5C0FDFC-AFE8-4EA5-A81D-CB76952E10EA}.Debug|Any CPU.Build.0 = Debug|Any CPU
		{C5C0FDFC-AFE8-4EA5-A81D-CB76952E10EA}.Release|Any CPU.ActiveCfg = Release|Any CPU
		{C5C0FDFC-AFE8-4EA5-A81D-CB76952E10EA}.Release|Any CPU.Build.0 = Release|Any CPU
		{3FF089D5-D067-4FE5-8415-05653EF7C4DA}.Debug|Any CPU.ActiveCfg = Debug|Any CPU
		{3FF089D5-D067-4FE5-8415-05653EF7C4DA}.Debug|Any CPU.Build.0 = Debug|Any CPU
		{3FF089D5-D067-4FE5-8415-05653EF7C4DA}.Release|Any CPU.ActiveCfg = Release|Any CPU
		{3FF089D5-D067-4FE5-8415-05653EF7C4DA}.Release|Any CPU.Build.0 = Release|Any CPU
		{7E6A125B-5A33-4263-B1FD-3B39F8AA28B6}.Debug|Any CPU.ActiveCfg = Debug|Any CPU
		{7E6A125B-5A33-4263-B1FD-3B39F8AA28B6}.Debug|Any CPU.Build.0 = Debug|Any CPU
		{7E6A125B-5A33-4263-B1FD-3B39F8AA28B6}.Release|Any CPU.ActiveCfg = Release|Any CPU
		{7E6A125B-5A33-4263-B1FD-3B39F8AA28B6}.Release|Any CPU.Build.0 = Release|Any CPU
		{CE8180B6-C3C8-4505-98F6-DC46B09059A3}.Debug|Any CPU.ActiveCfg = Debug|Any CPU
		{CE8180B6-C3C8-4505-98F6-DC46B09059A3}.Debug|Any CPU.Build.0 = Debug|Any CPU
		{CE8180B6-C3C8-4505-98F6-DC46B09059A3}.Release|Any CPU.ActiveCfg = Release|Any CPU
		{CE8180B6-C3C8-4505-98F6-DC46B09059A3}.Release|Any CPU.Build.0 = Release|Any CPU
		{EF636FD8-A3EF-4809-8424-AEF49715F4BF}.Debug|Any CPU.ActiveCfg = Debug|Any CPU
		{EF636FD8-A3EF-4809-8424-AEF49715F4BF}.Debug|Any CPU.Build.0 = Debug|Any CPU
		{EF636FD8-A3EF-4809-8424-AEF49715F4BF}.Release|Any CPU.ActiveCfg = Release|Any CPU
		{EF636FD8-A3EF-4809-8424-AEF49715F4BF}.Release|Any CPU.Build.0 = Release|Any CPU
		{612C9723-554B-4775-89FE-DB6025BD6739}.Debug|Any CPU.ActiveCfg = Debug|Any CPU
		{612C9723-554B-4775-89FE-DB6025BD6739}.Debug|Any CPU.Build.0 = Debug|Any CPU
		{612C9723-554B-4775-89FE-DB6025BD6739}.Release|Any CPU.ActiveCfg = Release|Any CPU
		{612C9723-554B-4775-89FE-DB6025BD6739}.Release|Any CPU.Build.0 = Release|Any CPU
		{7F44D974-75BE-4E51-A75B-ECAA9EEFACE7}.Debug|Any CPU.ActiveCfg = Debug|Any CPU
		{7F44D974-75BE-4E51-A75B-ECAA9EEFACE7}.Debug|Any CPU.Build.0 = Debug|Any CPU
		{7F44D974-75BE-4E51-A75B-ECAA9EEFACE7}.Release|Any CPU.ActiveCfg = Release|Any CPU
		{7F44D974-75BE-4E51-A75B-ECAA9EEFACE7}.Release|Any CPU.Build.0 = Release|Any CPU
		{519FBF5C-124B-4692-BCBC-DAB99B7346C4}.Debug|Any CPU.ActiveCfg = Debug|Any CPU
		{519FBF5C-124B-4692-BCBC-DAB99B7346C4}.Debug|Any CPU.Build.0 = Debug|Any CPU
		{519FBF5C-124B-4692-BCBC-DAB99B7346C4}.Release|Any CPU.ActiveCfg = Release|Any CPU
		{519FBF5C-124B-4692-BCBC-DAB99B7346C4}.Release|Any CPU.Build.0 = Release|Any CPU
		{889B012A-1B74-45B9-87B8-1F7060C4AF3E}.Debug|Any CPU.ActiveCfg = Debug|Any CPU
		{889B012A-1B74-45B9-87B8-1F7060C4AF3E}.Debug|Any CPU.Build.0 = Debug|Any CPU
		{889B012A-1B74-45B9-87B8-1F7060C4AF3E}.Release|Any CPU.ActiveCfg = Release|Any CPU
		{889B012A-1B74-45B9-87B8-1F7060C4AF3E}.Release|Any CPU.Build.0 = Release|Any CPU
		{C998BE60-F7DF-4CA8-A3A2-EF6FF22B981E}.Debug|Any CPU.ActiveCfg = Debug|Any CPU
		{C998BE60-F7DF-4CA8-A3A2-EF6FF22B981E}.Debug|Any CPU.Build.0 = Debug|Any CPU
		{C998BE60-F7DF-4CA8-A3A2-EF6FF22B981E}.Release|Any CPU.ActiveCfg = Release|Any CPU
		{C998BE60-F7DF-4CA8-A3A2-EF6FF22B981E}.Release|Any CPU.Build.0 = Release|Any CPU
		{5B24E483-3286-4138-ADCC-8D6AEBC009A7}.Debug|Any CPU.ActiveCfg = Debug|Any CPU
		{5B24E483-3286-4138-ADCC-8D6AEBC009A7}.Debug|Any CPU.Build.0 = Debug|Any CPU
		{5B24E483-3286-4138-ADCC-8D6AEBC009A7}.Release|Any CPU.ActiveCfg = Release|Any CPU
		{5B24E483-3286-4138-ADCC-8D6AEBC009A7}.Release|Any CPU.Build.0 = Release|Any CPU
		{82F36DFD-F5F8-4737-AF9B-ED195F1DA614}.Debug|Any CPU.ActiveCfg = Debug|Any CPU
		{82F36DFD-F5F8-4737-AF9B-ED195F1DA614}.Debug|Any CPU.Build.0 = Debug|Any CPU
		{82F36DFD-F5F8-4737-AF9B-ED195F1DA614}.Release|Any CPU.ActiveCfg = Release|Any CPU
		{82F36DFD-F5F8-4737-AF9B-ED195F1DA614}.Release|Any CPU.Build.0 = Release|Any CPU
		{9AFD39AD-3C8F-4BD2-A62B-5F7DD42AFFDC}.Debug|Any CPU.ActiveCfg = Debug|Any CPU
		{9AFD39AD-3C8F-4BD2-A62B-5F7DD42AFFDC}.Debug|Any CPU.Build.0 = Debug|Any CPU
		{9AFD39AD-3C8F-4BD2-A62B-5F7DD42AFFDC}.Release|Any CPU.ActiveCfg = Release|Any CPU
		{9AFD39AD-3C8F-4BD2-A62B-5F7DD42AFFDC}.Release|Any CPU.Build.0 = Release|Any CPU
		{20798E5F-39D8-4FB1-BEF0-8B0D67B9ACDF}.Debug|Any CPU.ActiveCfg = Debug|Any CPU
		{20798E5F-39D8-4FB1-BEF0-8B0D67B9ACDF}.Debug|Any CPU.Build.0 = Debug|Any CPU
		{20798E5F-39D8-4FB1-BEF0-8B0D67B9ACDF}.Release|Any CPU.ActiveCfg = Release|Any CPU
		{20798E5F-39D8-4FB1-BEF0-8B0D67B9ACDF}.Release|Any CPU.Build.0 = Release|Any CPU
		{9B25245E-8A3D-494E-9D61-0DCE1C91603C}.Debug|Any CPU.ActiveCfg = Debug|Any CPU
		{9B25245E-8A3D-494E-9D61-0DCE1C91603C}.Debug|Any CPU.Build.0 = Debug|Any CPU
		{9B25245E-8A3D-494E-9D61-0DCE1C91603C}.Release|Any CPU.ActiveCfg = Release|Any CPU
		{9B25245E-8A3D-494E-9D61-0DCE1C91603C}.Release|Any CPU.Build.0 = Release|Any CPU
		{10CCEF25-985A-475D-8795-B7E099E05616}.Debug|Any CPU.ActiveCfg = Debug|Any CPU
		{10CCEF25-985A-475D-8795-B7E099E05616}.Debug|Any CPU.Build.0 = Debug|Any CPU
		{10CCEF25-985A-475D-8795-B7E099E05616}.Release|Any CPU.ActiveCfg = Release|Any CPU
		{10CCEF25-985A-475D-8795-B7E099E05616}.Release|Any CPU.Build.0 = Release|Any CPU
		{C72D2485-7787-413E-A207-530EDD02D807}.Debug|Any CPU.ActiveCfg = Debug|Any CPU
		{C72D2485-7787-413E-A207-530EDD02D807}.Debug|Any CPU.Build.0 = Debug|Any CPU
		{C72D2485-7787-413E-A207-530EDD02D807}.Release|Any CPU.ActiveCfg = Release|Any CPU
		{C72D2485-7787-413E-A207-530EDD02D807}.Release|Any CPU.Build.0 = Release|Any CPU
		{D3EFD281-9717-4A89-AAD5-CD86C0F1252A}.Debug|Any CPU.ActiveCfg = Debug|Any CPU
		{D3EFD281-9717-4A89-AAD5-CD86C0F1252A}.Debug|Any CPU.Build.0 = Debug|Any CPU
		{D3EFD281-9717-4A89-AAD5-CD86C0F1252A}.Release|Any CPU.ActiveCfg = Release|Any CPU
		{D3EFD281-9717-4A89-AAD5-CD86C0F1252A}.Release|Any CPU.Build.0 = Release|Any CPU
		{DF03C8F3-53FD-4513-96CA-6ABB3169BAE4}.Debug|Any CPU.ActiveCfg = Debug|Any CPU
		{DF03C8F3-53FD-4513-96CA-6ABB3169BAE4}.Debug|Any CPU.Build.0 = Debug|Any CPU
		{DF03C8F3-53FD-4513-96CA-6ABB3169BAE4}.Release|Any CPU.ActiveCfg = Release|Any CPU
		{DF03C8F3-53FD-4513-96CA-6ABB3169BAE4}.Release|Any CPU.Build.0 = Release|Any CPU
		{B38C0018-2B68-425A-8EB5-7F2ADACAD4B6}.Debug|Any CPU.ActiveCfg = Debug|Any CPU
		{B38C0018-2B68-425A-8EB5-7F2ADACAD4B6}.Debug|Any CPU.Build.0 = Debug|Any CPU
		{B38C0018-2B68-425A-8EB5-7F2ADACAD4B6}.Release|Any CPU.ActiveCfg = Release|Any CPU
		{B38C0018-2B68-425A-8EB5-7F2ADACAD4B6}.Release|Any CPU.Build.0 = Release|Any CPU
		{01F232C3-7D36-4A4D-BB23-FAE18F883464}.Debug|Any CPU.ActiveCfg = Debug|Any CPU
		{01F232C3-7D36-4A4D-BB23-FAE18F883464}.Debug|Any CPU.Build.0 = Debug|Any CPU
		{01F232C3-7D36-4A4D-BB23-FAE18F883464}.Release|Any CPU.ActiveCfg = Release|Any CPU
		{01F232C3-7D36-4A4D-BB23-FAE18F883464}.Release|Any CPU.Build.0 = Release|Any CPU
		{25FFCEC6-159C-4078-A751-DFB3BE833C1B}.Debug|Any CPU.ActiveCfg = Debug|Any CPU
		{25FFCEC6-159C-4078-A751-DFB3BE833C1B}.Debug|Any CPU.Build.0 = Debug|Any CPU
		{25FFCEC6-159C-4078-A751-DFB3BE833C1B}.Release|Any CPU.ActiveCfg = Release|Any CPU
		{25FFCEC6-159C-4078-A751-DFB3BE833C1B}.Release|Any CPU.Build.0 = Release|Any CPU
		{4EC92968-A5F2-4607-AD49-F5B38D880036}.Debug|Any CPU.ActiveCfg = Debug|Any CPU
		{4EC92968-A5F2-4607-AD49-F5B38D880036}.Debug|Any CPU.Build.0 = Debug|Any CPU
		{4EC92968-A5F2-4607-AD49-F5B38D880036}.Release|Any CPU.ActiveCfg = Release|Any CPU
		{4EC92968-A5F2-4607-AD49-F5B38D880036}.Release|Any CPU.Build.0 = Release|Any CPU
		{F87AB64E-AE8F-4C76-90C4-BDA44EFD1350}.Debug|Any CPU.ActiveCfg = Debug|Any CPU
		{F87AB64E-AE8F-4C76-90C4-BDA44EFD1350}.Debug|Any CPU.Build.0 = Debug|Any CPU
		{F87AB64E-AE8F-4C76-90C4-BDA44EFD1350}.Release|Any CPU.ActiveCfg = Release|Any CPU
		{F87AB64E-AE8F-4C76-90C4-BDA44EFD1350}.Release|Any CPU.Build.0 = Release|Any CPU
		{9DB04F0C-C9D0-41B6-A7DD-C9A165A47F58}.Debug|Any CPU.ActiveCfg = Debug|Any CPU
		{9DB04F0C-C9D0-41B6-A7DD-C9A165A47F58}.Debug|Any CPU.Build.0 = Debug|Any CPU
		{9DB04F0C-C9D0-41B6-A7DD-C9A165A47F58}.Release|Any CPU.ActiveCfg = Release|Any CPU
		{9DB04F0C-C9D0-41B6-A7DD-C9A165A47F58}.Release|Any CPU.Build.0 = Release|Any CPU
		{69041194-40FB-40F7-AEB4-A980833420D8}.Debug|Any CPU.ActiveCfg = Debug|Any CPU
		{69041194-40FB-40F7-AEB4-A980833420D8}.Debug|Any CPU.Build.0 = Debug|Any CPU
		{69041194-40FB-40F7-AEB4-A980833420D8}.Release|Any CPU.ActiveCfg = Release|Any CPU
		{69041194-40FB-40F7-AEB4-A980833420D8}.Release|Any CPU.Build.0 = Release|Any CPU
		{C1B9B6F7-9F08-4D54-881E-2A75ECEE7728}.Debug|Any CPU.ActiveCfg = Debug|Any CPU
		{C1B9B6F7-9F08-4D54-881E-2A75ECEE7728}.Debug|Any CPU.Build.0 = Debug|Any CPU
		{C1B9B6F7-9F08-4D54-881E-2A75ECEE7728}.Release|Any CPU.ActiveCfg = Release|Any CPU
		{C1B9B6F7-9F08-4D54-881E-2A75ECEE7728}.Release|Any CPU.Build.0 = Release|Any CPU
		{29E63FFB-8091-45E2-8A2E-A856E9872BE2}.Debug|Any CPU.ActiveCfg = Debug|Any CPU
		{29E63FFB-8091-45E2-8A2E-A856E9872BE2}.Debug|Any CPU.Build.0 = Debug|Any CPU
		{29E63FFB-8091-45E2-8A2E-A856E9872BE2}.Release|Any CPU.ActiveCfg = Release|Any CPU
		{29E63FFB-8091-45E2-8A2E-A856E9872BE2}.Release|Any CPU.Build.0 = Release|Any CPU
		{B9138F47-D308-4430-9457-2C70347F2D6A}.Debug|Any CPU.ActiveCfg = Debug|Any CPU
		{B9138F47-D308-4430-9457-2C70347F2D6A}.Debug|Any CPU.Build.0 = Debug|Any CPU
		{B9138F47-D308-4430-9457-2C70347F2D6A}.Release|Any CPU.ActiveCfg = Release|Any CPU
		{B9138F47-D308-4430-9457-2C70347F2D6A}.Release|Any CPU.Build.0 = Release|Any CPU
		{48FF0991-0F0C-418C-ADE1-237F06B87FFC}.Debug|Any CPU.ActiveCfg = Debug|Any CPU
		{48FF0991-0F0C-418C-ADE1-237F06B87FFC}.Debug|Any CPU.Build.0 = Debug|Any CPU
		{48FF0991-0F0C-418C-ADE1-237F06B87FFC}.Release|Any CPU.ActiveCfg = Release|Any CPU
		{48FF0991-0F0C-418C-ADE1-237F06B87FFC}.Release|Any CPU.Build.0 = Release|Any CPU
		{3F0D331B-485C-4BD7-89ED-C41B03A246A1}.Debug|Any CPU.ActiveCfg = Debug|Any CPU
		{3F0D331B-485C-4BD7-89ED-C41B03A246A1}.Debug|Any CPU.Build.0 = Debug|Any CPU
		{3F0D331B-485C-4BD7-89ED-C41B03A246A1}.Release|Any CPU.ActiveCfg = Release|Any CPU
		{3F0D331B-485C-4BD7-89ED-C41B03A246A1}.Release|Any CPU.Build.0 = Release|Any CPU
		{8095E632-537F-4596-AD13-A35DFAC0BAA8}.Debug|Any CPU.ActiveCfg = Debug|Any CPU
		{8095E632-537F-4596-AD13-A35DFAC0BAA8}.Debug|Any CPU.Build.0 = Debug|Any CPU
		{8095E632-537F-4596-AD13-A35DFAC0BAA8}.Release|Any CPU.ActiveCfg = Release|Any CPU
		{8095E632-537F-4596-AD13-A35DFAC0BAA8}.Release|Any CPU.Build.0 = Release|Any CPU
		{6BC64185-5D08-47A3-B9F5-603EF0F8183A}.Debug|Any CPU.ActiveCfg = Debug|Any CPU
		{6BC64185-5D08-47A3-B9F5-603EF0F8183A}.Debug|Any CPU.Build.0 = Debug|Any CPU
		{6BC64185-5D08-47A3-B9F5-603EF0F8183A}.Release|Any CPU.ActiveCfg = Release|Any CPU
		{6BC64185-5D08-47A3-B9F5-603EF0F8183A}.Release|Any CPU.Build.0 = Release|Any CPU
		{CD62241D-4C1C-414F-8702-2167080C71A4}.Debug|Any CPU.ActiveCfg = Debug|Any CPU
		{CD62241D-4C1C-414F-8702-2167080C71A4}.Debug|Any CPU.Build.0 = Debug|Any CPU
		{CD62241D-4C1C-414F-8702-2167080C71A4}.Release|Any CPU.ActiveCfg = Release|Any CPU
		{CD62241D-4C1C-414F-8702-2167080C71A4}.Release|Any CPU.Build.0 = Release|Any CPU
		{C2D65E7A-0D65-470D-ADD4-D4E20BBFC6D8}.Debug|Any CPU.ActiveCfg = Debug|Any CPU
		{C2D65E7A-0D65-470D-ADD4-D4E20BBFC6D8}.Debug|Any CPU.Build.0 = Debug|Any CPU
		{C2D65E7A-0D65-470D-ADD4-D4E20BBFC6D8}.Release|Any CPU.ActiveCfg = Release|Any CPU
		{C2D65E7A-0D65-470D-ADD4-D4E20BBFC6D8}.Release|Any CPU.Build.0 = Release|Any CPU
		{DA8F6490-84DA-422F-A5D0-2B1AA07FA8B1}.Debug|Any CPU.ActiveCfg = Debug|Any CPU
		{DA8F6490-84DA-422F-A5D0-2B1AA07FA8B1}.Debug|Any CPU.Build.0 = Debug|Any CPU
		{DA8F6490-84DA-422F-A5D0-2B1AA07FA8B1}.Release|Any CPU.ActiveCfg = Release|Any CPU
		{DA8F6490-84DA-422F-A5D0-2B1AA07FA8B1}.Release|Any CPU.Build.0 = Release|Any CPU
		{9E20573F-67E9-4EF4-96C2-517E2E1955F9}.Debug|Any CPU.ActiveCfg = Debug|Any CPU
		{9E20573F-67E9-4EF4-96C2-517E2E1955F9}.Debug|Any CPU.Build.0 = Debug|Any CPU
		{9E20573F-67E9-4EF4-96C2-517E2E1955F9}.Release|Any CPU.ActiveCfg = Release|Any CPU
		{9E20573F-67E9-4EF4-96C2-517E2E1955F9}.Release|Any CPU.Build.0 = Release|Any CPU
		{895A6BC1-E083-4CA2-BDA2-27D5ED7D99CE}.Debug|Any CPU.ActiveCfg = Debug|Any CPU
		{895A6BC1-E083-4CA2-BDA2-27D5ED7D99CE}.Debug|Any CPU.Build.0 = Debug|Any CPU
		{895A6BC1-E083-4CA2-BDA2-27D5ED7D99CE}.Release|Any CPU.ActiveCfg = Release|Any CPU
		{895A6BC1-E083-4CA2-BDA2-27D5ED7D99CE}.Release|Any CPU.Build.0 = Release|Any CPU
		{2BC29D9C-05B4-441C-A721-428050AA6F1B}.Debug|Any CPU.ActiveCfg = Debug|Any CPU
		{2BC29D9C-05B4-441C-A721-428050AA6F1B}.Debug|Any CPU.Build.0 = Debug|Any CPU
		{2BC29D9C-05B4-441C-A721-428050AA6F1B}.Release|Any CPU.ActiveCfg = Release|Any CPU
		{2BC29D9C-05B4-441C-A721-428050AA6F1B}.Release|Any CPU.Build.0 = Release|Any CPU
		{394EAFB7-192A-4775-B297-66DE5B214C47}.Debug|Any CPU.ActiveCfg = Debug|Any CPU
		{394EAFB7-192A-4775-B297-66DE5B214C47}.Debug|Any CPU.Build.0 = Debug|Any CPU
		{394EAFB7-192A-4775-B297-66DE5B214C47}.Release|Any CPU.ActiveCfg = Release|Any CPU
		{394EAFB7-192A-4775-B297-66DE5B214C47}.Release|Any CPU.Build.0 = Release|Any CPU
		{FE3CD608-B348-4E2F-8369-64AA0D385C17}.Debug|Any CPU.ActiveCfg = Debug|Any CPU
		{FE3CD608-B348-4E2F-8369-64AA0D385C17}.Debug|Any CPU.Build.0 = Debug|Any CPU
		{FE3CD608-B348-4E2F-8369-64AA0D385C17}.Release|Any CPU.ActiveCfg = Release|Any CPU
		{FE3CD608-B348-4E2F-8369-64AA0D385C17}.Release|Any CPU.Build.0 = Release|Any CPU
		{337C0D0D-5B1A-4031-A57B-D20D71F3B8EC}.Debug|Any CPU.ActiveCfg = Debug|Any CPU
		{337C0D0D-5B1A-4031-A57B-D20D71F3B8EC}.Debug|Any CPU.Build.0 = Debug|Any CPU
		{337C0D0D-5B1A-4031-A57B-D20D71F3B8EC}.Release|Any CPU.ActiveCfg = Release|Any CPU
		{337C0D0D-5B1A-4031-A57B-D20D71F3B8EC}.Release|Any CPU.Build.0 = Release|Any CPU
		{FB319000-9D47-4C1A-B528-C84A88077031}.Debug|Any CPU.ActiveCfg = Debug|Any CPU
		{FB319000-9D47-4C1A-B528-C84A88077031}.Debug|Any CPU.Build.0 = Debug|Any CPU
		{FB319000-9D47-4C1A-B528-C84A88077031}.Release|Any CPU.ActiveCfg = Release|Any CPU
		{FB319000-9D47-4C1A-B528-C84A88077031}.Release|Any CPU.Build.0 = Release|Any CPU
		{40C5F8DD-0239-4B94-AA53-F789743F8C71}.Debug|Any CPU.ActiveCfg = Debug|Any CPU
		{40C5F8DD-0239-4B94-AA53-F789743F8C71}.Debug|Any CPU.Build.0 = Debug|Any CPU
		{40C5F8DD-0239-4B94-AA53-F789743F8C71}.Release|Any CPU.ActiveCfg = Release|Any CPU
		{40C5F8DD-0239-4B94-AA53-F789743F8C71}.Release|Any CPU.Build.0 = Release|Any CPU
		{A8DB1972-22A9-4F07-8E15-37BD9BF0FE24}.Debug|Any CPU.ActiveCfg = Debug|Any CPU
		{A8DB1972-22A9-4F07-8E15-37BD9BF0FE24}.Debug|Any CPU.Build.0 = Debug|Any CPU
		{A8DB1972-22A9-4F07-8E15-37BD9BF0FE24}.Release|Any CPU.ActiveCfg = Release|Any CPU
		{A8DB1972-22A9-4F07-8E15-37BD9BF0FE24}.Release|Any CPU.Build.0 = Release|Any CPU
		{DEDBC095-11A7-45B0-897F-69E046A4CE8C}.Debug|Any CPU.ActiveCfg = Debug|Any CPU
		{DEDBC095-11A7-45B0-897F-69E046A4CE8C}.Debug|Any CPU.Build.0 = Debug|Any CPU
		{DEDBC095-11A7-45B0-897F-69E046A4CE8C}.Release|Any CPU.ActiveCfg = Release|Any CPU
		{DEDBC095-11A7-45B0-897F-69E046A4CE8C}.Release|Any CPU.Build.0 = Release|Any CPU
		{A5A29E25-5F5D-438E-8156-9BE312F36867}.Debug|Any CPU.ActiveCfg = Debug|Any CPU
		{A5A29E25-5F5D-438E-8156-9BE312F36867}.Debug|Any CPU.Build.0 = Debug|Any CPU
		{A5A29E25-5F5D-438E-8156-9BE312F36867}.Release|Any CPU.ActiveCfg = Release|Any CPU
		{A5A29E25-5F5D-438E-8156-9BE312F36867}.Release|Any CPU.Build.0 = Release|Any CPU
		{6C72AE6A-8235-441D-9025-E157BDBE7F8E}.Debug|Any CPU.ActiveCfg = Debug|Any CPU
		{6C72AE6A-8235-441D-9025-E157BDBE7F8E}.Debug|Any CPU.Build.0 = Debug|Any CPU
		{6C72AE6A-8235-441D-9025-E157BDBE7F8E}.Release|Any CPU.ActiveCfg = Release|Any CPU
		{6C72AE6A-8235-441D-9025-E157BDBE7F8E}.Release|Any CPU.Build.0 = Release|Any CPU
		{2856A7BB-C3A6-4A2C-B02D-AABB22D32549}.Debug|Any CPU.ActiveCfg = Debug|Any CPU
		{2856A7BB-C3A6-4A2C-B02D-AABB22D32549}.Debug|Any CPU.Build.0 = Debug|Any CPU
		{2856A7BB-C3A6-4A2C-B02D-AABB22D32549}.Release|Any CPU.ActiveCfg = Release|Any CPU
		{2856A7BB-C3A6-4A2C-B02D-AABB22D32549}.Release|Any CPU.Build.0 = Release|Any CPU
		{84CD3BF7-69EA-4FC6-981E-DD3BD50A0E5B}.Debug|Any CPU.ActiveCfg = Debug|Any CPU
		{84CD3BF7-69EA-4FC6-981E-DD3BD50A0E5B}.Debug|Any CPU.Build.0 = Debug|Any CPU
		{84CD3BF7-69EA-4FC6-981E-DD3BD50A0E5B}.Release|Any CPU.ActiveCfg = Release|Any CPU
		{84CD3BF7-69EA-4FC6-981E-DD3BD50A0E5B}.Release|Any CPU.Build.0 = Release|Any CPU
		{96EE893F-198B-4483-8878-6665938B6CF0}.Debug|Any CPU.ActiveCfg = Debug|Any CPU
		{96EE893F-198B-4483-8878-6665938B6CF0}.Debug|Any CPU.Build.0 = Debug|Any CPU
		{96EE893F-198B-4483-8878-6665938B6CF0}.Release|Any CPU.ActiveCfg = Release|Any CPU
		{96EE893F-198B-4483-8878-6665938B6CF0}.Release|Any CPU.Build.0 = Release|Any CPU
		{DEC79E0B-96AC-48D0-8657-D848A578F14F}.Debug|Any CPU.ActiveCfg = Debug|Any CPU
		{DEC79E0B-96AC-48D0-8657-D848A578F14F}.Debug|Any CPU.Build.0 = Debug|Any CPU
		{DEC79E0B-96AC-48D0-8657-D848A578F14F}.Release|Any CPU.ActiveCfg = Release|Any CPU
		{DEC79E0B-96AC-48D0-8657-D848A578F14F}.Release|Any CPU.Build.0 = Release|Any CPU
		{D619F934-440B-4FF3-9EBA-29BD2BFC8A23}.Debug|Any CPU.ActiveCfg = Debug|Any CPU
		{D619F934-440B-4FF3-9EBA-29BD2BFC8A23}.Debug|Any CPU.Build.0 = Debug|Any CPU
		{D619F934-440B-4FF3-9EBA-29BD2BFC8A23}.Release|Any CPU.ActiveCfg = Release|Any CPU
		{D619F934-440B-4FF3-9EBA-29BD2BFC8A23}.Release|Any CPU.Build.0 = Release|Any CPU
		{D9C511E2-2612-416D-B49D-25D4971B06C8}.Debug|Any CPU.ActiveCfg = Debug|Any CPU
		{D9C511E2-2612-416D-B49D-25D4971B06C8}.Debug|Any CPU.Build.0 = Debug|Any CPU
		{D9C511E2-2612-416D-B49D-25D4971B06C8}.Release|Any CPU.ActiveCfg = Release|Any CPU
		{D9C511E2-2612-416D-B49D-25D4971B06C8}.Release|Any CPU.Build.0 = Release|Any CPU
		{6DD70049-F530-4633-851F-8D670F896FC5}.Debug|Any CPU.ActiveCfg = Debug|Any CPU
		{6DD70049-F530-4633-851F-8D670F896FC5}.Debug|Any CPU.Build.0 = Debug|Any CPU
		{6DD70049-F530-4633-851F-8D670F896FC5}.Release|Any CPU.ActiveCfg = Release|Any CPU
		{6DD70049-F530-4633-851F-8D670F896FC5}.Release|Any CPU.Build.0 = Release|Any CPU
		{73237D92-6543-4DF5-A2BB-FC4B177185A2}.Debug|Any CPU.ActiveCfg = Debug|Any CPU
		{73237D92-6543-4DF5-A2BB-FC4B177185A2}.Debug|Any CPU.Build.0 = Debug|Any CPU
		{73237D92-6543-4DF5-A2BB-FC4B177185A2}.Release|Any CPU.ActiveCfg = Release|Any CPU
		{73237D92-6543-4DF5-A2BB-FC4B177185A2}.Release|Any CPU.Build.0 = Release|Any CPU
		{1DBDFEFA-FECD-4DC8-9251-B6718648BA73}.Debug|Any CPU.ActiveCfg = Debug|Any CPU
		{1DBDFEFA-FECD-4DC8-9251-B6718648BA73}.Debug|Any CPU.Build.0 = Debug|Any CPU
		{1DBDFEFA-FECD-4DC8-9251-B6718648BA73}.Release|Any CPU.ActiveCfg = Release|Any CPU
		{1DBDFEFA-FECD-4DC8-9251-B6718648BA73}.Release|Any CPU.Build.0 = Release|Any CPU
		{6DF760DF-5F15-4ED8-8413-6E7717957900}.Debug|Any CPU.ActiveCfg = Debug|Any CPU
		{6DF760DF-5F15-4ED8-8413-6E7717957900}.Debug|Any CPU.Build.0 = Debug|Any CPU
		{6DF760DF-5F15-4ED8-8413-6E7717957900}.Release|Any CPU.ActiveCfg = Release|Any CPU
		{6DF760DF-5F15-4ED8-8413-6E7717957900}.Release|Any CPU.Build.0 = Release|Any CPU
		{20F2921B-8431-4769-90EB-4FFF72E9B8A8}.Debug|Any CPU.ActiveCfg = Debug|Any CPU
		{20F2921B-8431-4769-90EB-4FFF72E9B8A8}.Debug|Any CPU.Build.0 = Debug|Any CPU
		{20F2921B-8431-4769-90EB-4FFF72E9B8A8}.Release|Any CPU.ActiveCfg = Release|Any CPU
		{20F2921B-8431-4769-90EB-4FFF72E9B8A8}.Release|Any CPU.Build.0 = Release|Any CPU
		{1F46343D-C986-42BE-9238-66EC80A60C74}.Debug|Any CPU.ActiveCfg = Debug|Any CPU
		{1F46343D-C986-42BE-9238-66EC80A60C74}.Debug|Any CPU.Build.0 = Debug|Any CPU
		{1F46343D-C986-42BE-9238-66EC80A60C74}.Release|Any CPU.ActiveCfg = Release|Any CPU
		{1F46343D-C986-42BE-9238-66EC80A60C74}.Release|Any CPU.Build.0 = Release|Any CPU
		{302267FF-A4EE-41DD-8D13-85D55DCD6651}.Debug|Any CPU.ActiveCfg = Debug|Any CPU
		{302267FF-A4EE-41DD-8D13-85D55DCD6651}.Debug|Any CPU.Build.0 = Debug|Any CPU
		{302267FF-A4EE-41DD-8D13-85D55DCD6651}.Release|Any CPU.ActiveCfg = Release|Any CPU
		{302267FF-A4EE-41DD-8D13-85D55DCD6651}.Release|Any CPU.Build.0 = Release|Any CPU
		{02367C8A-066B-4E12-B950-AB5D9A6380B6}.Debug|Any CPU.ActiveCfg = Debug|Any CPU
		{02367C8A-066B-4E12-B950-AB5D9A6380B6}.Debug|Any CPU.Build.0 = Debug|Any CPU
		{02367C8A-066B-4E12-B950-AB5D9A6380B6}.Release|Any CPU.ActiveCfg = Release|Any CPU
		{02367C8A-066B-4E12-B950-AB5D9A6380B6}.Release|Any CPU.Build.0 = Release|Any CPU
		{23964DA4-DE8D-4C64-BBBC-74009337B474}.Debug|Any CPU.ActiveCfg = Debug|Any CPU
		{23964DA4-DE8D-4C64-BBBC-74009337B474}.Debug|Any CPU.Build.0 = Debug|Any CPU
		{23964DA4-DE8D-4C64-BBBC-74009337B474}.Release|Any CPU.ActiveCfg = Release|Any CPU
		{23964DA4-DE8D-4C64-BBBC-74009337B474}.Release|Any CPU.Build.0 = Release|Any CPU
		{B1FF028A-1991-4A46-91DB-C5AEDDE211F8}.Debug|Any CPU.ActiveCfg = Debug|Any CPU
		{B1FF028A-1991-4A46-91DB-C5AEDDE211F8}.Debug|Any CPU.Build.0 = Debug|Any CPU
		{B1FF028A-1991-4A46-91DB-C5AEDDE211F8}.Release|Any CPU.ActiveCfg = Release|Any CPU
		{B1FF028A-1991-4A46-91DB-C5AEDDE211F8}.Release|Any CPU.Build.0 = Release|Any CPU
		{C49FD5CA-3A77-4AD3-996B-E1BB82576538}.Debug|Any CPU.ActiveCfg = Debug|Any CPU
		{C49FD5CA-3A77-4AD3-996B-E1BB82576538}.Debug|Any CPU.Build.0 = Debug|Any CPU
		{C49FD5CA-3A77-4AD3-996B-E1BB82576538}.Release|Any CPU.ActiveCfg = Release|Any CPU
		{C49FD5CA-3A77-4AD3-996B-E1BB82576538}.Release|Any CPU.Build.0 = Release|Any CPU
		{C0821567-1106-4BDD-93D7-E96E10FBC33E}.Debug|Any CPU.ActiveCfg = Debug|Any CPU
		{C0821567-1106-4BDD-93D7-E96E10FBC33E}.Debug|Any CPU.Build.0 = Debug|Any CPU
		{C0821567-1106-4BDD-93D7-E96E10FBC33E}.Release|Any CPU.ActiveCfg = Release|Any CPU
		{C0821567-1106-4BDD-93D7-E96E10FBC33E}.Release|Any CPU.Build.0 = Release|Any CPU
		{9ADCD404-4135-415A-8997-3CAE0EEB3205}.Debug|Any CPU.ActiveCfg = Debug|Any CPU
		{9ADCD404-4135-415A-8997-3CAE0EEB3205}.Debug|Any CPU.Build.0 = Debug|Any CPU
		{9ADCD404-4135-415A-8997-3CAE0EEB3205}.Release|Any CPU.ActiveCfg = Release|Any CPU
		{9ADCD404-4135-415A-8997-3CAE0EEB3205}.Release|Any CPU.Build.0 = Release|Any CPU
		{A5B16844-4243-4CFD-B22B-62E869FFC068}.Debug|Any CPU.ActiveCfg = Debug|Any CPU
		{A5B16844-4243-4CFD-B22B-62E869FFC068}.Debug|Any CPU.Build.0 = Debug|Any CPU
		{A5B16844-4243-4CFD-B22B-62E869FFC068}.Release|Any CPU.ActiveCfg = Release|Any CPU
		{A5B16844-4243-4CFD-B22B-62E869FFC068}.Release|Any CPU.Build.0 = Release|Any CPU
		{4486FC82-9276-4569-A46F-DABEBACC2F37}.Debug|Any CPU.ActiveCfg = Debug|Any CPU
		{4486FC82-9276-4569-A46F-DABEBACC2F37}.Debug|Any CPU.Build.0 = Debug|Any CPU
		{4486FC82-9276-4569-A46F-DABEBACC2F37}.Release|Any CPU.ActiveCfg = Release|Any CPU
		{4486FC82-9276-4569-A46F-DABEBACC2F37}.Release|Any CPU.Build.0 = Release|Any CPU
		{30B42703-4D08-418B-8F49-85A96919D7D9}.Debug|Any CPU.ActiveCfg = Debug|Any CPU
		{30B42703-4D08-418B-8F49-85A96919D7D9}.Debug|Any CPU.Build.0 = Debug|Any CPU
		{30B42703-4D08-418B-8F49-85A96919D7D9}.Release|Any CPU.ActiveCfg = Release|Any CPU
		{30B42703-4D08-418B-8F49-85A96919D7D9}.Release|Any CPU.Build.0 = Release|Any CPU
		{331B1215-354E-4519-82C6-62372BFC68C7}.Debug|Any CPU.ActiveCfg = Debug|Any CPU
		{331B1215-354E-4519-82C6-62372BFC68C7}.Debug|Any CPU.Build.0 = Debug|Any CPU
		{331B1215-354E-4519-82C6-62372BFC68C7}.Release|Any CPU.ActiveCfg = Release|Any CPU
		{331B1215-354E-4519-82C6-62372BFC68C7}.Release|Any CPU.Build.0 = Release|Any CPU
		{1A419EA4-8691-42A1-A454-D3430453A411}.Debug|Any CPU.ActiveCfg = Debug|Any CPU
		{1A419EA4-8691-42A1-A454-D3430453A411}.Debug|Any CPU.Build.0 = Debug|Any CPU
		{1A419EA4-8691-42A1-A454-D3430453A411}.Release|Any CPU.ActiveCfg = Release|Any CPU
		{1A419EA4-8691-42A1-A454-D3430453A411}.Release|Any CPU.Build.0 = Release|Any CPU
		{EDFC99D9-723F-44A3-A9F9-91200583D4B5}.Debug|Any CPU.ActiveCfg = Debug|Any CPU
		{EDFC99D9-723F-44A3-A9F9-91200583D4B5}.Debug|Any CPU.Build.0 = Debug|Any CPU
		{EDFC99D9-723F-44A3-A9F9-91200583D4B5}.Release|Any CPU.ActiveCfg = Release|Any CPU
		{EDFC99D9-723F-44A3-A9F9-91200583D4B5}.Release|Any CPU.Build.0 = Release|Any CPU
		{0D1E7F46-FCEE-4351-8A67-481B7B66AF53}.Debug|Any CPU.ActiveCfg = Debug|Any CPU
		{0D1E7F46-FCEE-4351-8A67-481B7B66AF53}.Debug|Any CPU.Build.0 = Debug|Any CPU
		{0D1E7F46-FCEE-4351-8A67-481B7B66AF53}.Release|Any CPU.ActiveCfg = Release|Any CPU
		{0D1E7F46-FCEE-4351-8A67-481B7B66AF53}.Release|Any CPU.Build.0 = Release|Any CPU
		{CD9B8942-BB4C-4FD7-8446-AF48ABD0629E}.Debug|Any CPU.ActiveCfg = Debug|Any CPU
		{CD9B8942-BB4C-4FD7-8446-AF48ABD0629E}.Debug|Any CPU.Build.0 = Debug|Any CPU
		{CD9B8942-BB4C-4FD7-8446-AF48ABD0629E}.Release|Any CPU.ActiveCfg = Release|Any CPU
		{CD9B8942-BB4C-4FD7-8446-AF48ABD0629E}.Release|Any CPU.Build.0 = Release|Any CPU
		{2DAED41A-FCB2-44D8-8B1A-7C1A39C9567B}.Debug|Any CPU.ActiveCfg = Debug|Any CPU
		{2DAED41A-FCB2-44D8-8B1A-7C1A39C9567B}.Debug|Any CPU.Build.0 = Debug|Any CPU
		{2DAED41A-FCB2-44D8-8B1A-7C1A39C9567B}.Release|Any CPU.ActiveCfg = Release|Any CPU
		{2DAED41A-FCB2-44D8-8B1A-7C1A39C9567B}.Release|Any CPU.Build.0 = Release|Any CPU
		{3C0048A7-D08E-4EFB-9E46-D05C032C27D6}.Debug|Any CPU.ActiveCfg = Debug|Any CPU
		{3C0048A7-D08E-4EFB-9E46-D05C032C27D6}.Debug|Any CPU.Build.0 = Debug|Any CPU
		{3C0048A7-D08E-4EFB-9E46-D05C032C27D6}.Release|Any CPU.ActiveCfg = Release|Any CPU
		{3C0048A7-D08E-4EFB-9E46-D05C032C27D6}.Release|Any CPU.Build.0 = Release|Any CPU
		{AB3288A9-4842-435E-A07F-6FB7DB8CE9BE}.Debug|Any CPU.ActiveCfg = Debug|Any CPU
		{AB3288A9-4842-435E-A07F-6FB7DB8CE9BE}.Debug|Any CPU.Build.0 = Debug|Any CPU
		{AB3288A9-4842-435E-A07F-6FB7DB8CE9BE}.Release|Any CPU.ActiveCfg = Release|Any CPU
		{AB3288A9-4842-435E-A07F-6FB7DB8CE9BE}.Release|Any CPU.Build.0 = Release|Any CPU
		{F8B01AC4-8DDD-4C41-BCA9-77E0798B9909}.Debug|Any CPU.ActiveCfg = Debug|Any CPU
		{F8B01AC4-8DDD-4C41-BCA9-77E0798B9909}.Debug|Any CPU.Build.0 = Debug|Any CPU
		{F8B01AC4-8DDD-4C41-BCA9-77E0798B9909}.Release|Any CPU.ActiveCfg = Release|Any CPU
		{F8B01AC4-8DDD-4C41-BCA9-77E0798B9909}.Release|Any CPU.Build.0 = Release|Any CPU
		{6A4F82BC-1623-4A99-84B2-35DCA289DF86}.Debug|Any CPU.ActiveCfg = Debug|Any CPU
		{6A4F82BC-1623-4A99-84B2-35DCA289DF86}.Debug|Any CPU.Build.0 = Debug|Any CPU
		{6A4F82BC-1623-4A99-84B2-35DCA289DF86}.Release|Any CPU.ActiveCfg = Release|Any CPU
		{6A4F82BC-1623-4A99-84B2-35DCA289DF86}.Release|Any CPU.Build.0 = Release|Any CPU
		{525BDB12-0DB1-498E-AC67-FC2E90287534}.Debug|Any CPU.ActiveCfg = Debug|Any CPU
		{525BDB12-0DB1-498E-AC67-FC2E90287534}.Debug|Any CPU.Build.0 = Debug|Any CPU
		{525BDB12-0DB1-498E-AC67-FC2E90287534}.Release|Any CPU.ActiveCfg = Release|Any CPU
		{525BDB12-0DB1-498E-AC67-FC2E90287534}.Release|Any CPU.Build.0 = Release|Any CPU
		{D68B992F-3819-424A-9E6C-8E68A5BBA2C0}.Debug|Any CPU.ActiveCfg = Debug|Any CPU
		{D68B992F-3819-424A-9E6C-8E68A5BBA2C0}.Debug|Any CPU.Build.0 = Debug|Any CPU
		{D68B992F-3819-424A-9E6C-8E68A5BBA2C0}.Release|Any CPU.ActiveCfg = Release|Any CPU
		{D68B992F-3819-424A-9E6C-8E68A5BBA2C0}.Release|Any CPU.Build.0 = Release|Any CPU
		{4B45966C-2DAE-4C3C-AEF1-1DE7A75C976D}.Debug|Any CPU.ActiveCfg = Debug|Any CPU
		{4B45966C-2DAE-4C3C-AEF1-1DE7A75C976D}.Debug|Any CPU.Build.0 = Debug|Any CPU
		{4B45966C-2DAE-4C3C-AEF1-1DE7A75C976D}.Release|Any CPU.ActiveCfg = Release|Any CPU
		{4B45966C-2DAE-4C3C-AEF1-1DE7A75C976D}.Release|Any CPU.Build.0 = Release|Any CPU
		{7952DD10-11E1-4D38-B1B1-A1E019D5B666}.Debug|Any CPU.ActiveCfg = Debug|Any CPU
		{7952DD10-11E1-4D38-B1B1-A1E019D5B666}.Debug|Any CPU.Build.0 = Debug|Any CPU
		{7952DD10-11E1-4D38-B1B1-A1E019D5B666}.Release|Any CPU.ActiveCfg = Release|Any CPU
		{7952DD10-11E1-4D38-B1B1-A1E019D5B666}.Release|Any CPU.Build.0 = Release|Any CPU
		{9F8C13BF-D53F-42CD-A4EA-481F1138DA6E}.Debug|Any CPU.ActiveCfg = Debug|Any CPU
		{9F8C13BF-D53F-42CD-A4EA-481F1138DA6E}.Debug|Any CPU.Build.0 = Debug|Any CPU
		{9F8C13BF-D53F-42CD-A4EA-481F1138DA6E}.Release|Any CPU.ActiveCfg = Release|Any CPU
		{9F8C13BF-D53F-42CD-A4EA-481F1138DA6E}.Release|Any CPU.Build.0 = Release|Any CPU
		{A29021E5-C04E-467A-B818-F9C7FFB44E54}.Debug|Any CPU.ActiveCfg = Debug|Any CPU
		{A29021E5-C04E-467A-B818-F9C7FFB44E54}.Debug|Any CPU.Build.0 = Debug|Any CPU
		{A29021E5-C04E-467A-B818-F9C7FFB44E54}.Release|Any CPU.ActiveCfg = Release|Any CPU
		{A29021E5-C04E-467A-B818-F9C7FFB44E54}.Release|Any CPU.Build.0 = Release|Any CPU
		{CE9119FF-D3D0-4FEB-8E0C-31A3999AF0A1}.Debug|Any CPU.ActiveCfg = Debug|Any CPU
		{CE9119FF-D3D0-4FEB-8E0C-31A3999AF0A1}.Debug|Any CPU.Build.0 = Debug|Any CPU
		{CE9119FF-D3D0-4FEB-8E0C-31A3999AF0A1}.Release|Any CPU.ActiveCfg = Release|Any CPU
		{CE9119FF-D3D0-4FEB-8E0C-31A3999AF0A1}.Release|Any CPU.Build.0 = Release|Any CPU
	EndGlobalSection
	GlobalSection(SolutionProperties) = preSolution
		HideSolutionNode = FALSE
	EndGlobalSection
	GlobalSection(NestedProjects) = preSolution
		{A0B19804-C472-43F2-830E-D7AF8EE74E02} = {308D3447-8C3C-45F0-8AB9-427BA81AA946}
		{67B05512-9A6E-4086-B4F3-5BD46C8F408C} = {308D3447-8C3C-45F0-8AB9-427BA81AA946}
		{7093D99A-B476-4A2C-B490-4136BE902A41} = {308D3447-8C3C-45F0-8AB9-427BA81AA946}
		{45F6D9F0-7A73-4403-837E-6991A6675470} = {308D3447-8C3C-45F0-8AB9-427BA81AA946}
		{D6D3E921-1EC2-4FAF-910B-2536E539305E} = {308D3447-8C3C-45F0-8AB9-427BA81AA946}
		{34D22A31-69B3-437D-8A30-B015056AE41E} = {308D3447-8C3C-45F0-8AB9-427BA81AA946}
		{DE52462D-0B01-4A78-8CB9-AD97626874DF} = {308D3447-8C3C-45F0-8AB9-427BA81AA946}
		{FB96F318-44D5-4763-B370-05B60720C16D} = {308D3447-8C3C-45F0-8AB9-427BA81AA946}
		{BA628F9C-790F-47A8-956C-BF9D09EA6C52} = {308D3447-8C3C-45F0-8AB9-427BA81AA946}
		{B616C27E-8F1E-45F0-A931-FDA45EFA3C14} = {308D3447-8C3C-45F0-8AB9-427BA81AA946}
		{60FCD06D-F8C8-4DD0-8131-AC80367AAADC} = {308D3447-8C3C-45F0-8AB9-427BA81AA946}
		{48342BAB-78B9-4803-AA2F-517F24B3D2B6} = {308D3447-8C3C-45F0-8AB9-427BA81AA946}
		{47860441-AC9D-4617-9DCD-EFB89601EAFC} = {308D3447-8C3C-45F0-8AB9-427BA81AA946}
		{2D091EAA-99A7-460E-ACB9-2AAAA20EDBC3} = {308D3447-8C3C-45F0-8AB9-427BA81AA946}
		{D1085217-CC36-4C24-8A3F-5F32043BAF6C} = {308D3447-8C3C-45F0-8AB9-427BA81AA946}
		{60D2099C-EDD4-4207-9F75-34641A15E613} = {308D3447-8C3C-45F0-8AB9-427BA81AA946}
		{A639F5BB-3CE6-4FDE-80D2-F02DAD367517} = {308D3447-8C3C-45F0-8AB9-427BA81AA946}
		{F2E619A0-4053-4546-984A-F919F1532FAC} = {308D3447-8C3C-45F0-8AB9-427BA81AA946}
		{6506BD7E-CCEE-4243-9669-1CA518BF2DA8} = {308D3447-8C3C-45F0-8AB9-427BA81AA946}
		{8C023A0B-B23F-4186-8167-6736AE5C3FFE} = {308D3447-8C3C-45F0-8AB9-427BA81AA946}
		{C37F3738-A33D-4E99-AA62-BF75E62EB1FF} = {308D3447-8C3C-45F0-8AB9-427BA81AA946}
		{07691F1A-12F3-44B2-B1FE-57373F345E22} = {2B17D743-F59C-45C9-A56C-D2277371AC92}
		{412BD2F6-2794-42FF-A09A-6CEFD6318E53} = {2B17D743-F59C-45C9-A56C-D2277371AC92}
		{C5C0FDFC-AFE8-4EA5-A81D-CB76952E10EA} = {2B17D743-F59C-45C9-A56C-D2277371AC92}
		{3FF089D5-D067-4FE5-8415-05653EF7C4DA} = {2B17D743-F59C-45C9-A56C-D2277371AC92}
		{7E6A125B-5A33-4263-B1FD-3B39F8AA28B6} = {2B17D743-F59C-45C9-A56C-D2277371AC92}
		{CE8180B6-C3C8-4505-98F6-DC46B09059A3} = {2B17D743-F59C-45C9-A56C-D2277371AC92}
		{EF636FD8-A3EF-4809-8424-AEF49715F4BF} = {2B17D743-F59C-45C9-A56C-D2277371AC92}
		{612C9723-554B-4775-89FE-DB6025BD6739} = {2B17D743-F59C-45C9-A56C-D2277371AC92}
		{7F44D974-75BE-4E51-A75B-ECAA9EEFACE7} = {5D40870E-DA7F-466B-8F04-4FCCF2406662}
		{519FBF5C-124B-4692-BCBC-DAB99B7346C4} = {8233E011-14FB-44E0-9E7E-AABC001B16D4}
		{889B012A-1B74-45B9-87B8-1F7060C4AF3E} = {8233E011-14FB-44E0-9E7E-AABC001B16D4}
		{C998BE60-F7DF-4CA8-A3A2-EF6FF22B981E} = {8233E011-14FB-44E0-9E7E-AABC001B16D4}
		{5B24E483-3286-4138-ADCC-8D6AEBC009A7} = {8233E011-14FB-44E0-9E7E-AABC001B16D4}
		{8233E011-14FB-44E0-9E7E-AABC001B16D4} = {5D40870E-DA7F-466B-8F04-4FCCF2406662}
		{82F36DFD-F5F8-4737-AF9B-ED195F1DA614} = {8233E011-14FB-44E0-9E7E-AABC001B16D4}
		{9AFD39AD-3C8F-4BD2-A62B-5F7DD42AFFDC} = {8233E011-14FB-44E0-9E7E-AABC001B16D4}
		{20798E5F-39D8-4FB1-BEF0-8B0D67B9ACDF} = {8233E011-14FB-44E0-9E7E-AABC001B16D4}
		{9B25245E-8A3D-494E-9D61-0DCE1C91603C} = {14198B33-8A7F-435D-B9B7-DC4C543AD87F}
		{10CCEF25-985A-475D-8795-B7E099E05616} = {14198B33-8A7F-435D-B9B7-DC4C543AD87F}
		{C72D2485-7787-413E-A207-530EDD02D807} = {14198B33-8A7F-435D-B9B7-DC4C543AD87F}
		{D3EFD281-9717-4A89-AAD5-CD86C0F1252A} = {14198B33-8A7F-435D-B9B7-DC4C543AD87F}
		{DF03C8F3-53FD-4513-96CA-6ABB3169BAE4} = {14198B33-8A7F-435D-B9B7-DC4C543AD87F}
		{B38C0018-2B68-425A-8EB5-7F2ADACAD4B6} = {14198B33-8A7F-435D-B9B7-DC4C543AD87F}
		{01F232C3-7D36-4A4D-BB23-FAE18F883464} = {308D3447-8C3C-45F0-8AB9-427BA81AA946}
		{25FFCEC6-159C-4078-A751-DFB3BE833C1B} = {308D3447-8C3C-45F0-8AB9-427BA81AA946}
		{4EC92968-A5F2-4607-AD49-F5B38D880036} = {308D3447-8C3C-45F0-8AB9-427BA81AA946}
		{F87AB64E-AE8F-4C76-90C4-BDA44EFD1350} = {308D3447-8C3C-45F0-8AB9-427BA81AA946}
		{9DB04F0C-C9D0-41B6-A7DD-C9A165A47F58} = {5D40870E-DA7F-466B-8F04-4FCCF2406662}
		{69041194-40FB-40F7-AEB4-A980833420D8} = {8233E011-14FB-44E0-9E7E-AABC001B16D4}
		{C1B9B6F7-9F08-4D54-881E-2A75ECEE7728} = {8233E011-14FB-44E0-9E7E-AABC001B16D4}
		{29E63FFB-8091-45E2-8A2E-A856E9872BE2} = {8233E011-14FB-44E0-9E7E-AABC001B16D4}
		{B9138F47-D308-4430-9457-2C70347F2D6A} = {8233E011-14FB-44E0-9E7E-AABC001B16D4}
		{48FF0991-0F0C-418C-ADE1-237F06B87FFC} = {8233E011-14FB-44E0-9E7E-AABC001B16D4}
		{3F0D331B-485C-4BD7-89ED-C41B03A246A1} = {8233E011-14FB-44E0-9E7E-AABC001B16D4}
		{8095E632-537F-4596-AD13-A35DFAC0BAA8} = {8233E011-14FB-44E0-9E7E-AABC001B16D4}
		{6BC64185-5D08-47A3-B9F5-603EF0F8183A} = {8233E011-14FB-44E0-9E7E-AABC001B16D4}
		{CD62241D-4C1C-414F-8702-2167080C71A4} = {8233E011-14FB-44E0-9E7E-AABC001B16D4}
		{C2D65E7A-0D65-470D-ADD4-D4E20BBFC6D8} = {8233E011-14FB-44E0-9E7E-AABC001B16D4}
		{DA8F6490-84DA-422F-A5D0-2B1AA07FA8B1} = {8233E011-14FB-44E0-9E7E-AABC001B16D4}
		{9E20573F-67E9-4EF4-96C2-517E2E1955F9} = {5D40870E-DA7F-466B-8F04-4FCCF2406662}
		{895A6BC1-E083-4CA2-BDA2-27D5ED7D99CE} = {308D3447-8C3C-45F0-8AB9-427BA81AA946}
		{2BC29D9C-05B4-441C-A721-428050AA6F1B} = {5D40870E-DA7F-466B-8F04-4FCCF2406662}
		{394EAFB7-192A-4775-B297-66DE5B214C47} = {5D40870E-DA7F-466B-8F04-4FCCF2406662}
		{FE3CD608-B348-4E2F-8369-64AA0D385C17} = {5D40870E-DA7F-466B-8F04-4FCCF2406662}
		{337C0D0D-5B1A-4031-A57B-D20D71F3B8EC} = {5D40870E-DA7F-466B-8F04-4FCCF2406662}
		{FB319000-9D47-4C1A-B528-C84A88077031} = {5D40870E-DA7F-466B-8F04-4FCCF2406662}
		{40C5F8DD-0239-4B94-AA53-F789743F8C71} = {5D40870E-DA7F-466B-8F04-4FCCF2406662}
		{A8DB1972-22A9-4F07-8E15-37BD9BF0FE24} = {5D40870E-DA7F-466B-8F04-4FCCF2406662}
		{DEDBC095-11A7-45B0-897F-69E046A4CE8C} = {5D40870E-DA7F-466B-8F04-4FCCF2406662}
		{A5A29E25-5F5D-438E-8156-9BE312F36867} = {5D40870E-DA7F-466B-8F04-4FCCF2406662}
		{6C72AE6A-8235-441D-9025-E157BDBE7F8E} = {5D40870E-DA7F-466B-8F04-4FCCF2406662}
		{2856A7BB-C3A6-4A2C-B02D-AABB22D32549} = {26585BBE-1B99-4BE1-A6FE-B40BCD2F4327}
		{84CD3BF7-69EA-4FC6-981E-DD3BD50A0E5B} = {26585BBE-1B99-4BE1-A6FE-B40BCD2F4327}
		{96EE893F-198B-4483-8878-6665938B6CF0} = {26585BBE-1B99-4BE1-A6FE-B40BCD2F4327}
		{DEC79E0B-96AC-48D0-8657-D848A578F14F} = {26585BBE-1B99-4BE1-A6FE-B40BCD2F4327}
		{D619F934-440B-4FF3-9EBA-29BD2BFC8A23} = {26585BBE-1B99-4BE1-A6FE-B40BCD2F4327}
		{D9C511E2-2612-416D-B49D-25D4971B06C8} = {26585BBE-1B99-4BE1-A6FE-B40BCD2F4327}
		{6DD70049-F530-4633-851F-8D670F896FC5} = {26585BBE-1B99-4BE1-A6FE-B40BCD2F4327}
		{73237D92-6543-4DF5-A2BB-FC4B177185A2} = {26585BBE-1B99-4BE1-A6FE-B40BCD2F4327}
		{1DBDFEFA-FECD-4DC8-9251-B6718648BA73} = {26585BBE-1B99-4BE1-A6FE-B40BCD2F4327}
		{6DF760DF-5F15-4ED8-8413-6E7717957900} = {26585BBE-1B99-4BE1-A6FE-B40BCD2F4327}
		{20F2921B-8431-4769-90EB-4FFF72E9B8A8} = {26585BBE-1B99-4BE1-A6FE-B40BCD2F4327}
		{1F46343D-C986-42BE-9238-66EC80A60C74} = {26585BBE-1B99-4BE1-A6FE-B40BCD2F4327}
		{302267FF-A4EE-41DD-8D13-85D55DCD6651} = {EEC12249-13D1-4AAC-9483-9FBD76A546CA}
		{02367C8A-066B-4E12-B950-AB5D9A6380B6} = {EEC12249-13D1-4AAC-9483-9FBD76A546CA}
		{C49FD5CA-3A77-4AD3-996B-E1BB82576538} = {26585BBE-1B99-4BE1-A6FE-B40BCD2F4327}
		{C0821567-1106-4BDD-93D7-E96E10FBC33E} = {26585BBE-1B99-4BE1-A6FE-B40BCD2F4327}
		{9ADCD404-4135-415A-8997-3CAE0EEB3205} = {56C0827A-271A-476C-99DD-EE6F589B6290}
		{A5B16844-4243-4CFD-B22B-62E869FFC068} = {56C0827A-271A-476C-99DD-EE6F589B6290}
		{4486FC82-9276-4569-A46F-DABEBACC2F37} = {56C0827A-271A-476C-99DD-EE6F589B6290}
		{30B42703-4D08-418B-8F49-85A96919D7D9} = {56C0827A-271A-476C-99DD-EE6F589B6290}
		{331B1215-354E-4519-82C6-62372BFC68C7} = {26585BBE-1B99-4BE1-A6FE-B40BCD2F4327}
		{74D97FAE-8594-48D8-9ACC-B780F8CABBEA} = {A0B1589B-22FB-4E87-80C2-6B24DD3293FB}
		{1A419EA4-8691-42A1-A454-D3430453A411} = {74D97FAE-8594-48D8-9ACC-B780F8CABBEA}
		{EDFC99D9-723F-44A3-A9F9-91200583D4B5} = {74D97FAE-8594-48D8-9ACC-B780F8CABBEA}
		{0D1E7F46-FCEE-4351-8A67-481B7B66AF53} = {74D97FAE-8594-48D8-9ACC-B780F8CABBEA}
		{CD9B8942-BB4C-4FD7-8446-AF48ABD0629E} = {74D97FAE-8594-48D8-9ACC-B780F8CABBEA}
		{2DAED41A-FCB2-44D8-8B1A-7C1A39C9567B} = {74D97FAE-8594-48D8-9ACC-B780F8CABBEA}
		{8A655070-CADB-4D0C-91EF-4BFB68FE9DE2} = {A0B1589B-22FB-4E87-80C2-6B24DD3293FB}
		{3C0048A7-D08E-4EFB-9E46-D05C032C27D6} = {8A655070-CADB-4D0C-91EF-4BFB68FE9DE2}
		{AB3288A9-4842-435E-A07F-6FB7DB8CE9BE} = {74D97FAE-8594-48D8-9ACC-B780F8CABBEA}
		{F8B01AC4-8DDD-4C41-BCA9-77E0798B9909} = {74D97FAE-8594-48D8-9ACC-B780F8CABBEA}
		{6A4F82BC-1623-4A99-84B2-35DCA289DF86} = {74D97FAE-8594-48D8-9ACC-B780F8CABBEA}
		{525BDB12-0DB1-498E-AC67-FC2E90287534} = {74D97FAE-8594-48D8-9ACC-B780F8CABBEA}
		{D68B992F-3819-424A-9E6C-8E68A5BBA2C0} = {74D97FAE-8594-48D8-9ACC-B780F8CABBEA}
		{4B45966C-2DAE-4C3C-AEF1-1DE7A75C976D} = {14198B33-8A7F-435D-B9B7-DC4C543AD87F}
		{7952DD10-11E1-4D38-B1B1-A1E019D5B666} = {8A655070-CADB-4D0C-91EF-4BFB68FE9DE2}
		{9F8C13BF-D53F-42CD-A4EA-481F1138DA6E} = {8A655070-CADB-4D0C-91EF-4BFB68FE9DE2}
		{A29021E5-C04E-467A-B818-F9C7FFB44E54} = {8A655070-CADB-4D0C-91EF-4BFB68FE9DE2}
		{CE9119FF-D3D0-4FEB-8E0C-31A3999AF0A1} = {8A655070-CADB-4D0C-91EF-4BFB68FE9DE2}
	EndGlobalSection
	GlobalSection(ExtensibilityGlobals) = postSolution
		SolutionGuid = {F330A40E-4391-4ECC-A49D-AF9B9CC4EC26}
	EndGlobalSection
EndGlobal
